// !$*UTF8*$!
{
	archiveVersion = 1;
	classes = {
	};
	objectVersion = 46;
	objects = {

/* Begin PBXBuildFile section */
		0091D8F90E81B9330029341E /* OpenGL.framework in Frameworks */ = {isa = PBXBuildFile; fileRef = 0091D8F80E81B9330029341E /* OpenGL.framework */; };
		00B784B30FF439BC000DE1D7 /* Accelerate.framework in Frameworks */ = {isa = PBXBuildFile; fileRef = 00B784AF0FF439BC000DE1D7 /* Accelerate.framework */; };
		00B784B40FF439BC000DE1D7 /* AudioToolbox.framework in Frameworks */ = {isa = PBXBuildFile; fileRef = 00B784B00FF439BC000DE1D7 /* AudioToolbox.framework */; };
		00B784B50FF439BC000DE1D7 /* AudioUnit.framework in Frameworks */ = {isa = PBXBuildFile; fileRef = 00B784B10FF439BC000DE1D7 /* AudioUnit.framework */; };
		00B784B60FF439BC000DE1D7 /* CoreAudio.framework in Frameworks */ = {isa = PBXBuildFile; fileRef = 00B784B20FF439BC000DE1D7 /* CoreAudio.framework */; };
		51C21CD6D341426891EE6300 /* CinderApp.icns in Resources */ = {isa = PBXBuildFile; fileRef = D756B7AFE4AB4AE4873DFF67 /* CinderApp.icns */; };
		5323E6B20EAFCA74003A9687 /* CoreVideo.framework in Frameworks */ = {isa = PBXBuildFile; fileRef = 5323E6B10EAFCA74003A9687 /* CoreVideo.framework */; };
		5323E6B60EAFCA7E003A9687 /* QTKit.framework in Frameworks */ = {isa = PBXBuildFile; fileRef = 5323E6B50EAFCA7E003A9687 /* QTKit.framework */; };
		72ABDE3F9B0F42038A135447 /* Cairo.cpp in Sources */ = {isa = PBXBuildFile; fileRef = 5269D5A9A57F40DC830099CF /* Cairo.cpp */; };
		8C08550A160647279CE5BCF2 /* SpaceStationKeeperApp.cpp in Sources */ = {isa = PBXBuildFile; fileRef = 48844111FF804C239BF69347 /* SpaceStationKeeperApp.cpp */; };
		8D11072F0486CEB800E47090 /* Cocoa.framework in Frameworks */ = {isa = PBXBuildFile; fileRef = 1058C7A1FEA54F0111CA2CBB /* Cocoa.framework */; };
		9E21C4B318DA14DE00E927D6 /* libyaml-cpp.0.5.1.dylib in Frameworks */ = {isa = PBXBuildFile; fileRef = 9E21C4B218DA14DE00E927D6 /* libyaml-cpp.0.5.1.dylib */; };
		9E92628F18D48232001AB5D6 /* GameComponent.cpp in Sources */ = {isa = PBXBuildFile; fileRef = 9E92628E18D48232001AB5D6 /* GameComponent.cpp */; };
		9E92629218D4EDA0001AB5D6 /* ComponentDrivenApp.cpp in Sources */ = {isa = PBXBuildFile; fileRef = 9E92629118D4EDA0001AB5D6 /* ComponentDrivenApp.cpp */; };
		9E92629418D4F8B2001AB5D6 /* GameGrid.cpp in Sources */ = {isa = PBXBuildFile; fileRef = 9E92629318D4F8B2001AB5D6 /* GameGrid.cpp */; };
		9E92629A18D50164001AB5D6 /* GameTile.cpp in Sources */ = {isa = PBXBuildFile; fileRef = 9E92629918D50164001AB5D6 /* GameTile.cpp */; };
		9E94D8EB18D122BE0032FDC3 /* GuiManager.cpp in Sources */ = {isa = PBXBuildFile; fileRef = 9E94D8EA18D122BE0032FDC3 /* GuiManager.cpp */; };
		9EA4A77F18E26CCF005D069F /* TextureDef.cpp in Sources */ = {isa = PBXBuildFile; fileRef = 9EA4A77E18E26CCF005D069F /* TextureDef.cpp */; };
		9EA4A78718E27CB7005D069F /* texturedef.yaml in Resources */ = {isa = PBXBuildFile; fileRef = 9EA4A78518E27CB7005D069F /* texturedef.yaml */; };
		9EA4A78818E27CB7005D069F /* tileset_corridor.png in Resources */ = {isa = PBXBuildFile; fileRef = 9EA4A78618E27CB7005D069F /* tileset_corridor.png */; };
		9EE7AED618E2F262008A9C83 /* GameCamera.cpp in Sources */ = {isa = PBXBuildFile; fileRef = 9EE7AED418E2F262008A9C83 /* GameCamera.cpp */; };
		9EE7AEDA18E2FCB7008A9C83 /* AssetManager.cpp in Sources */ = {isa = PBXBuildFile; fileRef = 9EE7AED818E2FCB7008A9C83 /* AssetManager.cpp */; };
		9EE7AEEF18E36737008A9C83 /* Utils.cpp in Sources */ = {isa = PBXBuildFile; fileRef = 9EE7AEED18E36737008A9C83 /* Utils.cpp */; };
		9EE7AF0218E37281008A9C83 /* libboost_filesystem.1.55.0.a in Frameworks */ = {isa = PBXBuildFile; fileRef = 9EE7AEFF18E37281008A9C83 /* libboost_filesystem.1.55.0.a */; };
		9EE7AF0318E37281008A9C83 /* libcairo.1.12.16.a in Frameworks */ = {isa = PBXBuildFile; fileRef = 9EE7AF0018E37281008A9C83 /* libcairo.1.12.16.a */; };
		9EE7AF0418E37281008A9C83 /* libpng.1.5.17.a in Frameworks */ = {isa = PBXBuildFile; fileRef = 9EE7AF0118E37281008A9C83 /* libpng.1.5.17.a */; };
		9EE7AF0618E372AB008A9C83 /* libpixman.0.32.4.a in Frameworks */ = {isa = PBXBuildFile; fileRef = 9EE7AF0518E372AB008A9C83 /* libpixman.0.32.4.a */; };
		F6A27D521F144FE2BE32FA8A /* libfmodex.dylib in CopyFiles */ = {isa = PBXBuildFile; fileRef = 196E2B05CC274906BAD04564 /* libfmodex.dylib */; };
/* End PBXBuildFile section */

/* Begin PBXCopyFilesBuildPhase section */
		36A44F5DF31A4B00B966B82C /* CopyFiles */ = {
			isa = PBXCopyFilesBuildPhase;
			buildActionMask = 2147483647;
			dstPath = "";
			dstSubfolderSpec = 6;
			files = (
				F6A27D521F144FE2BE32FA8A /* libfmodex.dylib in CopyFiles */,
			);
			runOnlyForDeploymentPostprocessing = 0;
		};
/* End PBXCopyFilesBuildPhase section */

/* Begin PBXFileReference section */
		0091D8F80E81B9330029341E /* OpenGL.framework */ = {isa = PBXFileReference; lastKnownFileType = wrapper.framework; name = OpenGL.framework; path = /System/Library/Frameworks/OpenGL.framework; sourceTree = "<absolute>"; };
		00B784AF0FF439BC000DE1D7 /* Accelerate.framework */ = {isa = PBXFileReference; lastKnownFileType = wrapper.framework; name = Accelerate.framework; path = System/Library/Frameworks/Accelerate.framework; sourceTree = SDKROOT; };
		00B784B00FF439BC000DE1D7 /* AudioToolbox.framework */ = {isa = PBXFileReference; lastKnownFileType = wrapper.framework; name = AudioToolbox.framework; path = System/Library/Frameworks/AudioToolbox.framework; sourceTree = SDKROOT; };
		00B784B10FF439BC000DE1D7 /* AudioUnit.framework */ = {isa = PBXFileReference; lastKnownFileType = wrapper.framework; name = AudioUnit.framework; path = System/Library/Frameworks/AudioUnit.framework; sourceTree = SDKROOT; };
		00B784B20FF439BC000DE1D7 /* CoreAudio.framework */ = {isa = PBXFileReference; lastKnownFileType = wrapper.framework; name = CoreAudio.framework; path = System/Library/Frameworks/CoreAudio.framework; sourceTree = SDKROOT; };
		1058C7A1FEA54F0111CA2CBB /* Cocoa.framework */ = {isa = PBXFileReference; lastKnownFileType = wrapper.framework; name = Cocoa.framework; path = /System/Library/Frameworks/Cocoa.framework; sourceTree = "<absolute>"; };
		196E2B05CC274906BAD04564 /* libfmodex.dylib */ = {isa = PBXFileReference; lastKnownFileType = "compiled.mach-o.dylib"; name = libfmodex.dylib; path = ../blocks/FMOD/lib/macosx/libfmodex.dylib; sourceTree = "<group>"; };
		29B97324FDCFA39411CA2CEA /* AppKit.framework */ = {isa = PBXFileReference; lastKnownFileType = wrapper.framework; name = AppKit.framework; path = /System/Library/Frameworks/AppKit.framework; sourceTree = "<absolute>"; };
		29B97325FDCFA39411CA2CEA /* Foundation.framework */ = {isa = PBXFileReference; lastKnownFileType = wrapper.framework; name = Foundation.framework; path = /System/Library/Frameworks/Foundation.framework; sourceTree = "<absolute>"; };
		48844111FF804C239BF69347 /* SpaceStationKeeperApp.cpp */ = {isa = PBXFileReference; lastKnownFileType = sourcecode.c.cpp; name = SpaceStationKeeperApp.cpp; path = ../src/SpaceStationKeeperApp.cpp; sourceTree = "<group>"; };
		488B8CB53AA24E43BA540682 /* Info.plist */ = {isa = PBXFileReference; lastKnownFileType = text.plist.xml; path = Info.plist; sourceTree = "<group>"; };
		5269D5A9A57F40DC830099CF /* Cairo.cpp */ = {isa = PBXFileReference; lastKnownFileType = sourcecode.c.cpp; name = Cairo.cpp; path = ../../cinder_0.8.5_mac/blocks/Cairo/src/Cairo.cpp; sourceTree = "<group>"; };
		5323E6B10EAFCA74003A9687 /* CoreVideo.framework */ = {isa = PBXFileReference; lastKnownFileType = wrapper.framework; name = CoreVideo.framework; path = /System/Library/Frameworks/CoreVideo.framework; sourceTree = "<absolute>"; };
		5323E6B50EAFCA7E003A9687 /* QTKit.framework */ = {isa = PBXFileReference; lastKnownFileType = wrapper.framework; name = QTKit.framework; path = /System/Library/Frameworks/QTKit.framework; sourceTree = "<absolute>"; };
		8D1107320486CEB800E47090 /* SpaceStationKeeper.app */ = {isa = PBXFileReference; explicitFileType = wrapper.application; includeInIndex = 0; path = SpaceStationKeeper.app; sourceTree = BUILT_PRODUCTS_DIR; };
		9E21C4B118DA086700E927D6 /* TextureDef.h */ = {isa = PBXFileReference; fileEncoding = 4; lastKnownFileType = sourcecode.c.h; path = TextureDef.h; sourceTree = "<group>"; };
		9E21C4B218DA14DE00E927D6 /* libyaml-cpp.0.5.1.dylib */ = {isa = PBXFileReference; lastKnownFileType = "compiled.mach-o.dylib"; path = "libyaml-cpp.0.5.1.dylib"; sourceTree = "<group>"; };
		9E8647A618D26265006BF520 /* GameGrid.h */ = {isa = PBXFileReference; fileEncoding = 4; lastKnownFileType = sourcecode.c.h; path = GameGrid.h; sourceTree = "<group>"; };
		9E92628D18D47FA7001AB5D6 /* GameComponent.h */ = {isa = PBXFileReference; fileEncoding = 4; lastKnownFileType = sourcecode.c.h; path = GameComponent.h; sourceTree = "<group>"; };
		9E92628E18D48232001AB5D6 /* GameComponent.cpp */ = {isa = PBXFileReference; fileEncoding = 4; lastKnownFileType = sourcecode.cpp.cpp; path = GameComponent.cpp; sourceTree = "<group>"; };
		9E92629018D4EC71001AB5D6 /* ComponentDrivenApp.h */ = {isa = PBXFileReference; fileEncoding = 4; lastKnownFileType = sourcecode.c.h; path = ComponentDrivenApp.h; sourceTree = "<group>"; };
		9E92629118D4EDA0001AB5D6 /* ComponentDrivenApp.cpp */ = {isa = PBXFileReference; fileEncoding = 4; lastKnownFileType = sourcecode.cpp.cpp; path = ComponentDrivenApp.cpp; sourceTree = "<group>"; };
		9E92629318D4F8B2001AB5D6 /* GameGrid.cpp */ = {isa = PBXFileReference; fileEncoding = 4; lastKnownFileType = sourcecode.cpp.cpp; path = GameGrid.cpp; sourceTree = "<group>"; };
		9E92629618D4F959001AB5D6 /* GameDef.h */ = {isa = PBXFileReference; fileEncoding = 4; lastKnownFileType = sourcecode.c.h; path = GameDef.h; sourceTree = "<group>"; };
		9E92629818D50113001AB5D6 /* GameTile.h */ = {isa = PBXFileReference; fileEncoding = 4; lastKnownFileType = sourcecode.c.h; path = GameTile.h; sourceTree = "<group>"; };
		9E92629918D50164001AB5D6 /* GameTile.cpp */ = {isa = PBXFileReference; fileEncoding = 4; lastKnownFileType = sourcecode.cpp.cpp; path = GameTile.cpp; sourceTree = "<group>"; };
		9E94D8E918D122320032FDC3 /* GuiManager.h */ = {isa = PBXFileReference; fileEncoding = 4; lastKnownFileType = sourcecode.c.h; path = GuiManager.h; sourceTree = "<group>"; };
		9E94D8EA18D122BE0032FDC3 /* GuiManager.cpp */ = {isa = PBXFileReference; fileEncoding = 4; lastKnownFileType = sourcecode.cpp.cpp; path = GuiManager.cpp; sourceTree = "<group>"; };
		9EA4A75718E26CB0005D069F /* anchor.h */ = {isa = PBXFileReference; fileEncoding = 4; lastKnownFileType = sourcecode.c.h; path = anchor.h; sourceTree = "<group>"; };
		9EA4A75818E26CB0005D069F /* binary.h */ = {isa = PBXFileReference; fileEncoding = 4; lastKnownFileType = sourcecode.c.h; path = binary.h; sourceTree = "<group>"; };
		9EA4A75A18E26CB0005D069F /* anchordict.h */ = {isa = PBXFileReference; fileEncoding = 4; lastKnownFileType = sourcecode.c.h; path = anchordict.h; sourceTree = "<group>"; };
		9EA4A75B18E26CB0005D069F /* graphbuilder.h */ = {isa = PBXFileReference; fileEncoding = 4; lastKnownFileType = sourcecode.c.h; path = graphbuilder.h; sourceTree = "<group>"; };
		9EA4A75C18E26CB0005D069F /* dll.h */ = {isa = PBXFileReference; fileEncoding = 4; lastKnownFileType = sourcecode.c.h; path = dll.h; sourceTree = "<group>"; };
		9EA4A75D18E26CB0005D069F /* emitfromevents.h */ = {isa = PBXFileReference; fileEncoding = 4; lastKnownFileType = sourcecode.c.h; path = emitfromevents.h; sourceTree = "<group>"; };
		9EA4A75E18E26CB0005D069F /* emitter.h */ = {isa = PBXFileReference; fileEncoding = 4; lastKnownFileType = sourcecode.c.h; path = emitter.h; sourceTree = "<group>"; };
		9EA4A75F18E26CB0005D069F /* emitterdef.h */ = {isa = PBXFileReference; fileEncoding = 4; lastKnownFileType = sourcecode.c.h; path = emitterdef.h; sourceTree = "<group>"; };
		9EA4A76018E26CB0005D069F /* emittermanip.h */ = {isa = PBXFileReference; fileEncoding = 4; lastKnownFileType = sourcecode.c.h; path = emittermanip.h; sourceTree = "<group>"; };
		9EA4A76118E26CB0005D069F /* eventhandler.h */ = {isa = PBXFileReference; fileEncoding = 4; lastKnownFileType = sourcecode.c.h; path = eventhandler.h; sourceTree = "<group>"; };
		9EA4A76218E26CB0005D069F /* exceptions.h */ = {isa = PBXFileReference; fileEncoding = 4; lastKnownFileType = sourcecode.c.h; path = exceptions.h; sourceTree = "<group>"; };
		9EA4A76318E26CB0005D069F /* mark.h */ = {isa = PBXFileReference; fileEncoding = 4; lastKnownFileType = sourcecode.c.h; path = mark.h; sourceTree = "<group>"; };
		9EA4A76518E26CB0005D069F /* convert.h */ = {isa = PBXFileReference; fileEncoding = 4; lastKnownFileType = sourcecode.c.h; path = convert.h; sourceTree = "<group>"; };
		9EA4A76718E26CB0005D069F /* bool_type.h */ = {isa = PBXFileReference; fileEncoding = 4; lastKnownFileType = sourcecode.c.h; path = bool_type.h; sourceTree = "<group>"; };
		9EA4A76818E26CB0005D069F /* impl.h */ = {isa = PBXFileReference; fileEncoding = 4; lastKnownFileType = sourcecode.c.h; path = impl.h; sourceTree = "<group>"; };
		9EA4A76918E26CB0005D069F /* iterator.h */ = {isa = PBXFileReference; fileEncoding = 4; lastKnownFileType = sourcecode.c.h; path = iterator.h; sourceTree = "<group>"; };
		9EA4A76A18E26CB0005D069F /* iterator_fwd.h */ = {isa = PBXFileReference; fileEncoding = 4; lastKnownFileType = sourcecode.c.h; path = iterator_fwd.h; sourceTree = "<group>"; };
		9EA4A76B18E26CB0005D069F /* memory.h */ = {isa = PBXFileReference; fileEncoding = 4; lastKnownFileType = sourcecode.c.h; path = memory.h; sourceTree = "<group>"; };
		9EA4A76C18E26CB0005D069F /* node.h */ = {isa = PBXFileReference; fileEncoding = 4; lastKnownFileType = sourcecode.c.h; path = node.h; sourceTree = "<group>"; };
		9EA4A76D18E26CB0005D069F /* node_data.h */ = {isa = PBXFileReference; fileEncoding = 4; lastKnownFileType = sourcecode.c.h; path = node_data.h; sourceTree = "<group>"; };
		9EA4A76E18E26CB0005D069F /* node_iterator.h */ = {isa = PBXFileReference; fileEncoding = 4; lastKnownFileType = sourcecode.c.h; path = node_iterator.h; sourceTree = "<group>"; };
		9EA4A76F18E26CB0005D069F /* node_ref.h */ = {isa = PBXFileReference; fileEncoding = 4; lastKnownFileType = sourcecode.c.h; path = node_ref.h; sourceTree = "<group>"; };
		9EA4A77018E26CB0005D069F /* emit.h */ = {isa = PBXFileReference; fileEncoding = 4; lastKnownFileType = sourcecode.c.h; path = emit.h; sourceTree = "<group>"; };
		9EA4A77118E26CB0005D069F /* impl.h */ = {isa = PBXFileReference; fileEncoding = 4; lastKnownFileType = sourcecode.c.h; path = impl.h; sourceTree = "<group>"; };
		9EA4A77218E26CB0005D069F /* iterator.h */ = {isa = PBXFileReference; fileEncoding = 4; lastKnownFileType = sourcecode.c.h; path = iterator.h; sourceTree = "<group>"; };
		9EA4A77318E26CB0005D069F /* node.h */ = {isa = PBXFileReference; fileEncoding = 4; lastKnownFileType = sourcecode.c.h; path = node.h; sourceTree = "<group>"; };
		9EA4A77418E26CB0005D069F /* parse.h */ = {isa = PBXFileReference; fileEncoding = 4; lastKnownFileType = sourcecode.c.h; path = parse.h; sourceTree = "<group>"; };
		9EA4A77518E26CB0005D069F /* ptr.h */ = {isa = PBXFileReference; fileEncoding = 4; lastKnownFileType = sourcecode.c.h; path = ptr.h; sourceTree = "<group>"; };
		9EA4A77618E26CB0005D069F /* type.h */ = {isa = PBXFileReference; fileEncoding = 4; lastKnownFileType = sourcecode.c.h; path = type.h; sourceTree = "<group>"; };
		9EA4A77718E26CB0005D069F /* noncopyable.h */ = {isa = PBXFileReference; fileEncoding = 4; lastKnownFileType = sourcecode.c.h; path = noncopyable.h; sourceTree = "<group>"; };
		9EA4A77818E26CB0005D069F /* null.h */ = {isa = PBXFileReference; fileEncoding = 4; lastKnownFileType = sourcecode.c.h; path = null.h; sourceTree = "<group>"; };
		9EA4A77918E26CB0005D069F /* ostream_wrapper.h */ = {isa = PBXFileReference; fileEncoding = 4; lastKnownFileType = sourcecode.c.h; path = ostream_wrapper.h; sourceTree = "<group>"; };
		9EA4A77A18E26CB0005D069F /* parser.h */ = {isa = PBXFileReference; fileEncoding = 4; lastKnownFileType = sourcecode.c.h; path = parser.h; sourceTree = "<group>"; };
		9EA4A77B18E26CB0005D069F /* stlemitter.h */ = {isa = PBXFileReference; fileEncoding = 4; lastKnownFileType = sourcecode.c.h; path = stlemitter.h; sourceTree = "<group>"; };
		9EA4A77C18E26CB0005D069F /* traits.h */ = {isa = PBXFileReference; fileEncoding = 4; lastKnownFileType = sourcecode.c.h; path = traits.h; sourceTree = "<group>"; };
		9EA4A77D18E26CB0005D069F /* yaml.h */ = {isa = PBXFileReference; fileEncoding = 4; lastKnownFileType = sourcecode.c.h; path = yaml.h; sourceTree = "<group>"; };
		9EA4A77E18E26CCF005D069F /* TextureDef.cpp */ = {isa = PBXFileReference; fileEncoding = 4; lastKnownFileType = sourcecode.cpp.cpp; path = TextureDef.cpp; sourceTree = "<group>"; };
		9EA4A78518E27CB7005D069F /* texturedef.yaml */ = {isa = PBXFileReference; fileEncoding = 4; lastKnownFileType = text; path = texturedef.yaml; sourceTree = "<group>"; };
		9EA4A78618E27CB7005D069F /* tileset_corridor.png */ = {isa = PBXFileReference; lastKnownFileType = image.png; path = tileset_corridor.png; sourceTree = "<group>"; };
		9EE7AED418E2F262008A9C83 /* GameCamera.cpp */ = {isa = PBXFileReference; fileEncoding = 4; lastKnownFileType = sourcecode.cpp.cpp; path = GameCamera.cpp; sourceTree = "<group>"; };
		9EE7AED518E2F262008A9C83 /* GameCamera.h */ = {isa = PBXFileReference; fileEncoding = 4; lastKnownFileType = sourcecode.c.h; path = GameCamera.h; sourceTree = "<group>"; };
		9EE7AED818E2FCB7008A9C83 /* AssetManager.cpp */ = {isa = PBXFileReference; fileEncoding = 4; lastKnownFileType = sourcecode.cpp.cpp; path = AssetManager.cpp; sourceTree = "<group>"; };
		9EE7AED918E2FCB7008A9C83 /* AssetManager.h */ = {isa = PBXFileReference; fileEncoding = 4; lastKnownFileType = sourcecode.c.h; path = AssetManager.h; sourceTree = "<group>"; };
		9EE7AEED18E36737008A9C83 /* Utils.cpp */ = {isa = PBXFileReference; fileEncoding = 4; lastKnownFileType = sourcecode.cpp.cpp; path = Utils.cpp; sourceTree = "<group>"; };
		9EE7AEEE18E36737008A9C83 /* Utils.h */ = {isa = PBXFileReference; fileEncoding = 4; lastKnownFileType = sourcecode.c.h; path = Utils.h; sourceTree = "<group>"; };
		9EE7AEF118E36A37008A9C83 /* config.hpp */ = {isa = PBXFileReference; fileEncoding = 4; lastKnownFileType = sourcecode.cpp.h; path = config.hpp; sourceTree = "<group>"; };
		9EE7AEF218E36A37008A9C83 /* convenience.hpp */ = {isa = PBXFileReference; fileEncoding = 4; lastKnownFileType = sourcecode.cpp.h; path = convenience.hpp; sourceTree = "<group>"; };
		9EE7AEF418E36A37008A9C83 /* utf8_codecvt_facet.hpp */ = {isa = PBXFileReference; fileEncoding = 4; lastKnownFileType = sourcecode.cpp.h; path = utf8_codecvt_facet.hpp; sourceTree = "<group>"; };
		9EE7AEF518E36A37008A9C83 /* exception.hpp */ = {isa = PBXFileReference; fileEncoding = 4; lastKnownFileType = sourcecode.cpp.h; path = exception.hpp; sourceTree = "<group>"; };
		9EE7AEF618E36A37008A9C83 /* fstream.hpp */ = {isa = PBXFileReference; fileEncoding = 4; lastKnownFileType = sourcecode.cpp.h; path = fstream.hpp; sourceTree = "<group>"; };
		9EE7AEF718E36A37008A9C83 /* operations.hpp */ = {isa = PBXFileReference; fileEncoding = 4; lastKnownFileType = sourcecode.cpp.h; path = operations.hpp; sourceTree = "<group>"; };
		9EE7AEF818E36A37008A9C83 /* path.hpp */ = {isa = PBXFileReference; fileEncoding = 4; lastKnownFileType = sourcecode.cpp.h; path = path.hpp; sourceTree = "<group>"; };
		9EE7AEF918E36A37008A9C83 /* path_traits.hpp */ = {isa = PBXFileReference; fileEncoding = 4; lastKnownFileType = sourcecode.cpp.h; path = path_traits.hpp; sourceTree = "<group>"; };
		9EE7AEFA18E36A37008A9C83 /* filesystem.hpp */ = {isa = PBXFileReference; fileEncoding = 4; lastKnownFileType = sourcecode.cpp.h; path = filesystem.hpp; sourceTree = "<group>"; };
		9EE7AEFF18E37281008A9C83 /* libboost_filesystem.1.55.0.a */ = {isa = PBXFileReference; lastKnownFileType = archive.ar; path = libboost_filesystem.1.55.0.a; sourceTree = "<group>"; };
		9EE7AF0018E37281008A9C83 /* libcairo.1.12.16.a */ = {isa = PBXFileReference; lastKnownFileType = archive.ar; path = libcairo.1.12.16.a; sourceTree = "<group>"; };
		9EE7AF0118E37281008A9C83 /* libpng.1.5.17.a */ = {isa = PBXFileReference; lastKnownFileType = archive.ar; path = libpng.1.5.17.a; sourceTree = "<group>"; };
		9EE7AF0518E372AB008A9C83 /* libpixman.0.32.4.a */ = {isa = PBXFileReference; lastKnownFileType = archive.ar; path = libpixman.0.32.4.a; sourceTree = "<group>"; };
		9FED8CDFB3D642F28A974FC9 /* Resources.h */ = {isa = PBXFileReference; lastKnownFileType = sourcecode.c.h; name = Resources.h; path = ../include/Resources.h; sourceTree = "<group>"; };
		AA6A5E27DFFB4DB6A1077928 /* Cairo.h */ = {isa = PBXFileReference; lastKnownFileType = sourcecode.c.h; name = Cairo.h; path = ../../cinder_0.8.5_mac/blocks/Cairo/include/cinder/cairo/Cairo.h; sourceTree = "<group>"; };
		D756B7AFE4AB4AE4873DFF67 /* CinderApp.icns */ = {isa = PBXFileReference; lastKnownFileType = image.icns; name = CinderApp.icns; path = ../resources/CinderApp.icns; sourceTree = "<group>"; };
		EFED7241AD0D4FD2818B887F /* SpaceStationKeeper_Prefix.pch */ = {isa = PBXFileReference; lastKnownFileType = sourcecode.c.h; name = SpaceStationKeeper_Prefix.pch; path = ../xcode/SpaceStationKeeper_Prefix.pch; sourceTree = "<group>"; };
/* End PBXFileReference section */

/* Begin PBXFrameworksBuildPhase section */
		8D11072E0486CEB800E47090 /* Frameworks */ = {
			isa = PBXFrameworksBuildPhase;
			buildActionMask = 2147483647;
			files = (
				9EE7AF0218E37281008A9C83 /* libboost_filesystem.1.55.0.a in Frameworks */,
				9E21C4B318DA14DE00E927D6 /* libyaml-cpp.0.5.1.dylib in Frameworks */,
				8D11072F0486CEB800E47090 /* Cocoa.framework in Frameworks */,
				0091D8F90E81B9330029341E /* OpenGL.framework in Frameworks */,
				5323E6B20EAFCA74003A9687 /* CoreVideo.framework in Frameworks */,
				5323E6B60EAFCA7E003A9687 /* QTKit.framework in Frameworks */,
				9EE7AF0418E37281008A9C83 /* libpng.1.5.17.a in Frameworks */,
				00B784B30FF439BC000DE1D7 /* Accelerate.framework in Frameworks */,
				9EE7AF0318E37281008A9C83 /* libcairo.1.12.16.a in Frameworks */,
				00B784B40FF439BC000DE1D7 /* AudioToolbox.framework in Frameworks */,
				00B784B50FF439BC000DE1D7 /* AudioUnit.framework in Frameworks */,
				9EE7AF0618E372AB008A9C83 /* libpixman.0.32.4.a in Frameworks */,
				00B784B60FF439BC000DE1D7 /* CoreAudio.framework in Frameworks */,
			);
			runOnlyForDeploymentPostprocessing = 0;
		};
/* End PBXFrameworksBuildPhase section */

/* Begin PBXGroup section */
		01B97315FEAEA392516A2CEA /* Blocks */ = {
			isa = PBXGroup;
			children = (
				7546D2CCF54747FC8F09E289 /* Cairo */,
				7970CD4AA9384CFFA9DEA631 /* FMOD */,
			);
			name = Blocks;
			sourceTree = "<group>";
		};
		080E96DDFE201D6D7F000001 /* Source */ = {
			isa = PBXGroup;
			children = (
				9EE7AED718E2FC9E008A9C83 /* Utils */,
				9E92629518D4F915001AB5D6 /* DataStructures */,
				9E92628C18D47F87001AB5D6 /* Components */,
				9E94D8E818D121720032FDC3 /* Gui */,
				48844111FF804C239BF69347 /* SpaceStationKeeperApp.cpp */,
				9E92629018D4EC71001AB5D6 /* ComponentDrivenApp.h */,
				9E92629118D4EDA0001AB5D6 /* ComponentDrivenApp.cpp */,
			);
			name = Source;
			path = ../src;
			sourceTree = "<group>";
		};
		0DA8B34D61B142C2AD42F19F /* cairo */ = {
			isa = PBXGroup;
			children = (
				AA6A5E27DFFB4DB6A1077928 /* Cairo.h */,
			);
			name = cairo;
			sourceTree = "<group>";
		};
		1058C7A0FEA54F0111CA2CBB /* Linked Frameworks */ = {
			isa = PBXGroup;
			children = (
				00B784AF0FF439BC000DE1D7 /* Accelerate.framework */,
				00B784B00FF439BC000DE1D7 /* AudioToolbox.framework */,
				00B784B10FF439BC000DE1D7 /* AudioUnit.framework */,
				00B784B20FF439BC000DE1D7 /* CoreAudio.framework */,
				5323E6B50EAFCA7E003A9687 /* QTKit.framework */,
				5323E6B10EAFCA74003A9687 /* CoreVideo.framework */,
				0091D8F80E81B9330029341E /* OpenGL.framework */,
				1058C7A1FEA54F0111CA2CBB /* Cocoa.framework */,
			);
			name = "Linked Frameworks";
			sourceTree = "<group>";
		};
		1058C7A2FEA54F0111CA2CBB /* Other Frameworks */ = {
			isa = PBXGroup;
			children = (
				29B97324FDCFA39411CA2CEA /* AppKit.framework */,
				29B97325FDCFA39411CA2CEA /* Foundation.framework */,
			);
			name = "Other Frameworks";
			sourceTree = "<group>";
		};
		19C28FACFE9D520D11CA2CBB /* Products */ = {
			isa = PBXGroup;
			children = (
				8D1107320486CEB800E47090 /* SpaceStationKeeper.app */,
			);
			name = Products;
			sourceTree = "<group>";
		};
		1A2D0393F8BD4A20B7E0B55C /* src */ = {
			isa = PBXGroup;
			children = (
				5269D5A9A57F40DC830099CF /* Cairo.cpp */,
			);
			name = src;
			sourceTree = "<group>";
		};
		1BCBDEF9FD514BAB88896065 /* lib */ = {
			isa = PBXGroup;
			children = (
				1DE031D6E93F42B1973E1124 /* macosx */,
			);
			name = lib;
			sourceTree = "<group>";
		};
		1DE031D6E93F42B1973E1124 /* macosx */ = {
			isa = PBXGroup;
			children = (
				196E2B05CC274906BAD04564 /* libfmodex.dylib */,
			);
			name = macosx;
			sourceTree = "<group>";
		};
		29B97314FDCFA39411CA2CEA /* SpaceStationKeeper */ = {
			isa = PBXGroup;
			children = (
				9EA4A78318E27CB7005D069F /* assets */,
				01B97315FEAEA392516A2CEA /* Blocks */,
				29B97315FDCFA39411CA2CEA /* Headers */,
				080E96DDFE201D6D7F000001 /* Source */,
				29B97317FDCFA39411CA2CEA /* Resources */,
				29B97323FDCFA39411CA2CEA /* Frameworks */,
				19C28FACFE9D520D11CA2CBB /* Products */,
			);
			name = SpaceStationKeeper;
			sourceTree = "<group>";
		};
		29B97315FDCFA39411CA2CEA /* Headers */ = {
			isa = PBXGroup;
			children = (
				9EE7AEE118E362AF008A9C83 /* boost */,
				9EA4A75618E26C51005D069F /* yaml-cpp */,
				9FED8CDFB3D642F28A974FC9 /* Resources.h */,
				EFED7241AD0D4FD2818B887F /* SpaceStationKeeper_Prefix.pch */,
			);
			name = Headers;
			path = ../include;
			sourceTree = "<group>";
		};
		29B97317FDCFA39411CA2CEA /* Resources */ = {
			isa = PBXGroup;
			children = (
				D756B7AFE4AB4AE4873DFF67 /* CinderApp.icns */,
				488B8CB53AA24E43BA540682 /* Info.plist */,
			);
			name = Resources;
			sourceTree = "<group>";
		};
		29B97323FDCFA39411CA2CEA /* Frameworks */ = {
			isa = PBXGroup;
			children = (
				9E645D4718E0F2D20032E7A7 /* Libs */,
				1058C7A0FEA54F0111CA2CBB /* Linked Frameworks */,
				1058C7A2FEA54F0111CA2CBB /* Other Frameworks */,
			);
			name = Frameworks;
			sourceTree = "<group>";
		};
		7546D2CCF54747FC8F09E289 /* Cairo */ = {
			isa = PBXGroup;
			children = (
				1A2D0393F8BD4A20B7E0B55C /* src */,
				D9E862710DE448818340000D /* include */,
			);
			name = Cairo;
			sourceTree = "<group>";
		};
		7970CD4AA9384CFFA9DEA631 /* FMOD */ = {
			isa = PBXGroup;
			children = (
				1BCBDEF9FD514BAB88896065 /* lib */,
			);
			name = FMOD;
			sourceTree = "<group>";
		};
		7FE70E30017E41619E952A86 /* cinder */ = {
			isa = PBXGroup;
			children = (
				0DA8B34D61B142C2AD42F19F /* cairo */,
			);
			name = cinder;
			sourceTree = "<group>";
		};
		9E645D4718E0F2D20032E7A7 /* Libs */ = {
			isa = PBXGroup;
			children = (
				9EE7AF0518E372AB008A9C83 /* libpixman.0.32.4.a */,
				9EE7AEFF18E37281008A9C83 /* libboost_filesystem.1.55.0.a */,
				9EE7AF0018E37281008A9C83 /* libcairo.1.12.16.a */,
				9EE7AF0118E37281008A9C83 /* libpng.1.5.17.a */,
				9E21C4B218DA14DE00E927D6 /* libyaml-cpp.0.5.1.dylib */,
			);
			name = Libs;
			path = ../libs;
			sourceTree = "<group>";
		};
		9E92628C18D47F87001AB5D6 /* Components */ = {
			isa = PBXGroup;
			children = (
				9E8647A618D26265006BF520 /* GameGrid.h */,
				9E92628D18D47FA7001AB5D6 /* GameComponent.h */,
				9E92628E18D48232001AB5D6 /* GameComponent.cpp */,
				9E92629318D4F8B2001AB5D6 /* GameGrid.cpp */,
				9E92629818D50113001AB5D6 /* GameTile.h */,
				9E92629918D50164001AB5D6 /* GameTile.cpp */,
				9EE7AED418E2F262008A9C83 /* GameCamera.cpp */,
				9EE7AED518E2F262008A9C83 /* GameCamera.h */,
			);
			path = Components;
			sourceTree = "<group>";
		};
		9E92629518D4F915001AB5D6 /* DataStructures */ = {
			isa = PBXGroup;
			children = (
				9E92629618D4F959001AB5D6 /* GameDef.h */,
				9E21C4B118DA086700E927D6 /* TextureDef.h */,
				9EA4A77E18E26CCF005D069F /* TextureDef.cpp */,
			);
			path = DataStructures;
			sourceTree = "<group>";
		};
		9E94D8E818D121720032FDC3 /* Gui */ = {
			isa = PBXGroup;
			children = (
				9E94D8E918D122320032FDC3 /* GuiManager.h */,
				9E94D8EA18D122BE0032FDC3 /* GuiManager.cpp */,
			);
			name = Gui;
			path = ../src/Gui;
			sourceTree = "<group>";
		};
		9EA4A75618E26C51005D069F /* yaml-cpp */ = {
			isa = PBXGroup;
			children = (
				9EA4A75718E26CB0005D069F /* anchor.h */,
				9EA4A75818E26CB0005D069F /* binary.h */,
				9EA4A75918E26CB0005D069F /* contrib */,
				9EA4A75C18E26CB0005D069F /* dll.h */,
				9EA4A75D18E26CB0005D069F /* emitfromevents.h */,
				9EA4A75E18E26CB0005D069F /* emitter.h */,
				9EA4A75F18E26CB0005D069F /* emitterdef.h */,
				9EA4A76018E26CB0005D069F /* emittermanip.h */,
				9EA4A76118E26CB0005D069F /* eventhandler.h */,
				9EA4A76218E26CB0005D069F /* exceptions.h */,
				9EA4A76318E26CB0005D069F /* mark.h */,
				9EA4A76418E26CB0005D069F /* node */,
				9EA4A77718E26CB0005D069F /* noncopyable.h */,
				9EA4A77818E26CB0005D069F /* null.h */,
				9EA4A77918E26CB0005D069F /* ostream_wrapper.h */,
				9EA4A77A18E26CB0005D069F /* parser.h */,
				9EA4A77B18E26CB0005D069F /* stlemitter.h */,
				9EA4A77C18E26CB0005D069F /* traits.h */,
				9EA4A77D18E26CB0005D069F /* yaml.h */,
			);
			path = "yaml-cpp";
			sourceTree = "<group>";
		};
		9EA4A75918E26CB0005D069F /* contrib */ = {
			isa = PBXGroup;
			children = (
				9EA4A75A18E26CB0005D069F /* anchordict.h */,
				9EA4A75B18E26CB0005D069F /* graphbuilder.h */,
			);
			path = contrib;
			sourceTree = "<group>";
		};
		9EA4A76418E26CB0005D069F /* node */ = {
			isa = PBXGroup;
			children = (
				9EA4A76518E26CB0005D069F /* convert.h */,
				9EA4A76618E26CB0005D069F /* detail */,
				9EA4A77018E26CB0005D069F /* emit.h */,
				9EA4A77118E26CB0005D069F /* impl.h */,
				9EA4A77218E26CB0005D069F /* iterator.h */,
				9EA4A77318E26CB0005D069F /* node.h */,
				9EA4A77418E26CB0005D069F /* parse.h */,
				9EA4A77518E26CB0005D069F /* ptr.h */,
				9EA4A77618E26CB0005D069F /* type.h */,
			);
			path = node;
			sourceTree = "<group>";
		};
		9EA4A76618E26CB0005D069F /* detail */ = {
			isa = PBXGroup;
			children = (
				9EA4A76718E26CB0005D069F /* bool_type.h */,
				9EA4A76818E26CB0005D069F /* impl.h */,
				9EA4A76918E26CB0005D069F /* iterator.h */,
				9EA4A76A18E26CB0005D069F /* iterator_fwd.h */,
				9EA4A76B18E26CB0005D069F /* memory.h */,
				9EA4A76C18E26CB0005D069F /* node.h */,
				9EA4A76D18E26CB0005D069F /* node_data.h */,
				9EA4A76E18E26CB0005D069F /* node_iterator.h */,
				9EA4A76F18E26CB0005D069F /* node_ref.h */,
			);
			path = detail;
			sourceTree = "<group>";
		};
		9EA4A78318E27CB7005D069F /* assets */ = {
			isa = PBXGroup;
			children = (
				9EA4A78418E27CB7005D069F /* TileSets */,
			);
			path = assets;
			sourceTree = "<group>";
		};
		9EA4A78418E27CB7005D069F /* TileSets */ = {
			isa = PBXGroup;
			children = (
				9EA4A78518E27CB7005D069F /* texturedef.yaml */,
				9EA4A78618E27CB7005D069F /* tileset_corridor.png */,
			);
			path = TileSets;
			sourceTree = "<group>";
		};
		9EE7AED718E2FC9E008A9C83 /* Utils */ = {
			isa = PBXGroup;
			children = (
				9EE7AED818E2FCB7008A9C83 /* AssetManager.cpp */,
				9EE7AED918E2FCB7008A9C83 /* AssetManager.h */,
				9EE7AEED18E36737008A9C83 /* Utils.cpp */,
				9EE7AEEE18E36737008A9C83 /* Utils.h */,
			);
			path = Utils;
			sourceTree = "<group>";
		};
		9EE7AEE118E362AF008A9C83 /* boost */ = {
			isa = PBXGroup;
			children = (
				9EE7AEF018E36A37008A9C83 /* filesystem */,
				9EE7AEFA18E36A37008A9C83 /* filesystem.hpp */,
			);
			path = boost;
			sourceTree = "<group>";
		};
		9EE7AEF018E36A37008A9C83 /* filesystem */ = {
			isa = PBXGroup;
			children = (
				9EE7AEF118E36A37008A9C83 /* config.hpp */,
				9EE7AEF218E36A37008A9C83 /* convenience.hpp */,
				9EE7AEF318E36A37008A9C83 /* detail */,
				9EE7AEF518E36A37008A9C83 /* exception.hpp */,
				9EE7AEF618E36A37008A9C83 /* fstream.hpp */,
				9EE7AEF718E36A37008A9C83 /* operations.hpp */,
				9EE7AEF818E36A37008A9C83 /* path.hpp */,
				9EE7AEF918E36A37008A9C83 /* path_traits.hpp */,
			);
			path = filesystem;
			sourceTree = "<group>";
		};
		9EE7AEF318E36A37008A9C83 /* detail */ = {
			isa = PBXGroup;
			children = (
				9EE7AEF418E36A37008A9C83 /* utf8_codecvt_facet.hpp */,
			);
			path = detail;
			sourceTree = "<group>";
		};
		D9E862710DE448818340000D /* include */ = {
			isa = PBXGroup;
			children = (
				7FE70E30017E41619E952A86 /* cinder */,
			);
			name = include;
			sourceTree = "<group>";
		};
/* End PBXGroup section */

/* Begin PBXNativeTarget section */
		8D1107260486CEB800E47090 /* SpaceStationKeeper */ = {
			isa = PBXNativeTarget;
			buildConfigurationList = C01FCF4A08A954540054247B /* Build configuration list for PBXNativeTarget "SpaceStationKeeper" */;
			buildPhases = (
				8D1107290486CEB800E47090 /* Resources */,
				8D11072C0486CEB800E47090 /* Sources */,
				8D11072E0486CEB800E47090 /* Frameworks */,
				36A44F5DF31A4B00B966B82C /* CopyFiles */,
			);
			buildRules = (
			);
			dependencies = (
			);
			name = SpaceStationKeeper;
			productInstallPath = "$(HOME)/Applications";
			productName = SpaceStationKeeper;
			productReference = 8D1107320486CEB800E47090 /* SpaceStationKeeper.app */;
			productType = "com.apple.product-type.application";
		};
/* End PBXNativeTarget section */

/* Begin PBXProject section */
		29B97313FDCFA39411CA2CEA /* Project object */ = {
			isa = PBXProject;
			attributes = {
			};
			buildConfigurationList = C01FCF4E08A954540054247B /* Build configuration list for PBXProject "SpaceStationKeeper" */;
			compatibilityVersion = "Xcode 3.2";
			developmentRegion = English;
			hasScannedForEncodings = 1;
			knownRegions = (
				English,
				Japanese,
				French,
				German,
			);
			mainGroup = 29B97314FDCFA39411CA2CEA /* SpaceStationKeeper */;
			projectDirPath = "";
			projectRoot = "";
			targets = (
				8D1107260486CEB800E47090 /* SpaceStationKeeper */,
			);
		};
/* End PBXProject section */

/* Begin PBXResourcesBuildPhase section */
		8D1107290486CEB800E47090 /* Resources */ = {
			isa = PBXResourcesBuildPhase;
			buildActionMask = 2147483647;
			files = (
				9EA4A78818E27CB7005D069F /* tileset_corridor.png in Resources */,
				9EA4A78718E27CB7005D069F /* texturedef.yaml in Resources */,
				51C21CD6D341426891EE6300 /* CinderApp.icns in Resources */,
			);
			runOnlyForDeploymentPostprocessing = 0;
		};
/* End PBXResourcesBuildPhase section */

/* Begin PBXSourcesBuildPhase section */
		8D11072C0486CEB800E47090 /* Sources */ = {
			isa = PBXSourcesBuildPhase;
			buildActionMask = 2147483647;
			files = (
				9E94D8EB18D122BE0032FDC3 /* GuiManager.cpp in Sources */,
				8C08550A160647279CE5BCF2 /* SpaceStationKeeperApp.cpp in Sources */,
				72ABDE3F9B0F42038A135447 /* Cairo.cpp in Sources */,
				9E92629418D4F8B2001AB5D6 /* GameGrid.cpp in Sources */,
				9EE7AED618E2F262008A9C83 /* GameCamera.cpp in Sources */,
				9E92629A18D50164001AB5D6 /* GameTile.cpp in Sources */,
				9EE7AEDA18E2FCB7008A9C83 /* AssetManager.cpp in Sources */,
				9E92628F18D48232001AB5D6 /* GameComponent.cpp in Sources */,
				9EE7AEEF18E36737008A9C83 /* Utils.cpp in Sources */,
				9E92629218D4EDA0001AB5D6 /* ComponentDrivenApp.cpp in Sources */,
				9EA4A77F18E26CCF005D069F /* TextureDef.cpp in Sources */,
			);
			runOnlyForDeploymentPostprocessing = 0;
		};
/* End PBXSourcesBuildPhase section */

/* Begin XCBuildConfiguration section */
		C01FCF4B08A954540054247B /* Debug */ = {
			isa = XCBuildConfiguration;
			buildSettings = {
				ARCHS = "$(ARCHS_STANDARD)";
				COMBINE_HIDPI_IMAGES = YES;
				COPY_PHASE_STRIP = NO;
				DEAD_CODE_STRIPPING = YES;
				GCC_DYNAMIC_NO_PIC = NO;
				GCC_INLINES_ARE_PRIVATE_EXTERN = YES;
				GCC_OPTIMIZATION_LEVEL = 0;
				GCC_PRECOMPILE_PREFIX_HEADER = YES;
				GCC_PREFIX_HEADER = SpaceStationKeeper_Prefix.pch;
				GCC_PREPROCESSOR_DEFINITIONS = (
					"DEBUG=1",
					"$(inherited)",
				);
				GCC_SYMBOLS_PRIVATE_EXTERN = NO;
				HEADER_SEARCH_PATHS = (
					"\"$(CINDER_PATH)/boost\"",
					../../cinder_0.8.5_mac/blocks/Cairo/include/macosx,
				);
				INFOPLIST_FILE = Info.plist;
				INSTALL_PATH = "$(HOME)/Applications";
				LIBRARY_SEARCH_PATHS = (
					"$(inherited)",
					/Users/seandawson/Development/SpaceStationKeeper/libs,
					/usr/local/Cellar/boost/1.55.0/lib,
					/Users/seandawson/Development/spacestationkeeper/libs,
				);
				OTHER_LDFLAGS = (
					"\"$(CINDER_PATH)/lib/libcinder_d.a\"",
					../blocks/FMOD/lib/macosx/libfmodex.dylib,
				);
				PRODUCT_NAME = SpaceStationKeeper;
				SYMROOT = ./build;
				WRAPPER_EXTENSION = app;
			};
			name = Debug;
		};
		C01FCF4C08A954540054247B /* Release */ = {
			isa = XCBuildConfiguration;
			buildSettings = {
				ARCHS = "$(ARCHS_STANDARD)";
				COMBINE_HIDPI_IMAGES = YES;
				DEAD_CODE_STRIPPING = YES;
				DEBUG_INFORMATION_FORMAT = "dwarf-with-dsym";
				GCC_FAST_MATH = YES;
				GCC_GENERATE_DEBUGGING_SYMBOLS = NO;
				GCC_INLINES_ARE_PRIVATE_EXTERN = YES;
				GCC_OPTIMIZATION_LEVEL = 3;
				GCC_PRECOMPILE_PREFIX_HEADER = YES;
				GCC_PREFIX_HEADER = SpaceStationKeeper_Prefix.pch;
				GCC_SYMBOLS_PRIVATE_EXTERN = NO;
				HEADER_SEARCH_PATHS = (
					"\"$(CINDER_PATH)/boost\"",
					../../cinder_0.8.5_mac/blocks/Cairo/include/macosx,
				);
				INFOPLIST_FILE = Info.plist;
				INSTALL_PATH = "$(HOME)/Applications";
				LIBRARY_SEARCH_PATHS = (
					"$(inherited)",
					/Users/seandawson/Development/SpaceStationKeeper/libs,
					/usr/local/Cellar/boost/1.55.0/lib,
					/Users/seandawson/Development/spacestationkeeper/libs,
				);
				OTHER_LDFLAGS = (
					"\"$(CINDER_PATH)/lib/libcinder.a\"",
					../blocks/FMOD/lib/macosx/libfmodex.dylib,
				);
				PRODUCT_NAME = SpaceStationKeeper;
				STRIP_INSTALLED_PRODUCT = YES;
				SYMROOT = ./build;
				WRAPPER_EXTENSION = app;
			};
			name = Release;
		};
		C01FCF4F08A954540054247B /* Debug */ = {
			isa = XCBuildConfiguration;
			buildSettings = {
				ALWAYS_SEARCH_USER_PATHS = NO;
				ARCHS = i386;
				CINDER_PATH = ../../cinder_0.8.5_mac;
				CLANG_CXX_LANGUAGE_STANDARD = "c++0x";
				CLANG_CXX_LIBRARY = "libc++";
				GCC_WARN_ABOUT_RETURN_TYPE = YES;
				GCC_WARN_UNUSED_VARIABLE = YES;
				HEADER_SEARCH_PATHS = (
					"\"$(CINDER_PATH)/boost\"",
					../../cinder_0.8.5_mac/blocks/Cairo/include/macosx,
				);
				MACOSX_DEPLOYMENT_TARGET = 10.7;
				SDKROOT = macosx;
				USER_HEADER_SEARCH_PATHS = "\"$(CINDER_PATH)/include\" ../include ../../cinder_0.8.5_mac/blocks/Cairo/include ../blocks/FMOD/include";
			};
			name = Debug;
		};
		C01FCF5008A954540054247B /* Release */ = {
			isa = XCBuildConfiguration;
			buildSettings = {
				ALWAYS_SEARCH_USER_PATHS = NO;
				ARCHS = i386;
				CINDER_PATH = ../../cinder_0.8.5_mac;
				CLANG_CXX_LANGUAGE_STANDARD = "c++0x";
				CLANG_CXX_LIBRARY = "libc++";
				GCC_WARN_ABOUT_RETURN_TYPE = YES;
				GCC_WARN_UNUSED_VARIABLE = YES;
				HEADER_SEARCH_PATHS = (
					"\"$(CINDER_PATH)/boost\"",
					../../cinder_0.8.5_mac/blocks/Cairo/include/macosx,
				);
				MACOSX_DEPLOYMENT_TARGET = 10.7;
				SDKROOT = macosx;
				USER_HEADER_SEARCH_PATHS = "\"$(CINDER_PATH)/include\" ../include ../../cinder_0.8.5_mac/blocks/Cairo/include ../blocks/FMOD/include";
			};
			name = Release;
		};
/* End XCBuildConfiguration section */

/* Begin XCConfigurationList section */
		C01FCF4A08A954540054247B /* Build configuration list for PBXNativeTarget "SpaceStationKeeper" */ = {
			isa = XCConfigurationList;
			buildConfigurations = (
				C01FCF4B08A954540054247B /* Debug */,
				C01FCF4C08A954540054247B /* Release */,
			);
			defaultConfigurationIsVisible = 0;
			defaultConfigurationName = Release;
		};
		C01FCF4E08A954540054247B /* Build configuration list for PBXProject "SpaceStationKeeper" */ = {
			isa = XCConfigurationList;
			buildConfigurations = (
				C01FCF4F08A954540054247B /* Debug */,
				C01FCF5008A954540054247B /* Release */,
			);
			defaultConfigurationIsVisible = 0;
			defaultConfigurationName = Release;
		};
/* End XCConfigurationList section */
	};
	rootObject = 29B97313FDCFA39411CA2CEA /* Project object */;
}
