// !$*UTF8*$!
{
	archiveVersion = 1;
	classes = {
	};
	objectVersion = 46;
	objects = {

/* Begin PBXBuildFile section */
		0091D8F90E81B9330029341E /* OpenGL.framework in Frameworks */ = {isa = PBXBuildFile; fileRef = 0091D8F80E81B9330029341E /* OpenGL.framework */; };
		00B784B30FF439BC000DE1D7 /* Accelerate.framework in Frameworks */ = {isa = PBXBuildFile; fileRef = 00B784AF0FF439BC000DE1D7 /* Accelerate.framework */; };
		00B784B40FF439BC000DE1D7 /* AudioToolbox.framework in Frameworks */ = {isa = PBXBuildFile; fileRef = 00B784B00FF439BC000DE1D7 /* AudioToolbox.framework */; };
		00B784B50FF439BC000DE1D7 /* AudioUnit.framework in Frameworks */ = {isa = PBXBuildFile; fileRef = 00B784B10FF439BC000DE1D7 /* AudioUnit.framework */; };
		00B784B60FF439BC000DE1D7 /* CoreAudio.framework in Frameworks */ = {isa = PBXBuildFile; fileRef = 00B784B20FF439BC000DE1D7 /* CoreAudio.framework */; };
		51C21CD6D341426891EE6300 /* CinderApp.icns in Resources */ = {isa = PBXBuildFile; fileRef = D756B7AFE4AB4AE4873DFF67 /* CinderApp.icns */; };
		5323E6B20EAFCA74003A9687 /* CoreVideo.framework in Frameworks */ = {isa = PBXBuildFile; fileRef = 5323E6B10EAFCA74003A9687 /* CoreVideo.framework */; };
		5323E6B60EAFCA7E003A9687 /* QTKit.framework in Frameworks */ = {isa = PBXBuildFile; fileRef = 5323E6B50EAFCA7E003A9687 /* QTKit.framework */; };
		8C08550A160647279CE5BCF2 /* SpaceStationKeeperApp.cpp in Sources */ = {isa = PBXBuildFile; fileRef = 48844111FF804C239BF69347 /* SpaceStationKeeperApp.cpp */; };
		8D11072F0486CEB800E47090 /* Cocoa.framework in Frameworks */ = {isa = PBXBuildFile; fileRef = 1058C7A1FEA54F0111CA2CBB /* Cocoa.framework */; };
		9E09867518FFFFD200480FA7 /* Material.cpp in Sources */ = {isa = PBXBuildFile; fileRef = 9E09867318FFFFD200480FA7 /* Material.cpp */; };
		9E0E1E8219048917009EECFD /* BindingManager.cpp in Sources */ = {isa = PBXBuildFile; fileRef = 9E0E1E8019048917009EECFD /* BindingManager.cpp */; };
		9E10054B18EA355F00EC5213 /* assets in Resources */ = {isa = PBXBuildFile; fileRef = 9E10054A18EA355F00EC5213 /* assets */; };
		9E173FAD19359B7900313618 /* BotManager.cpp in Sources */ = {isa = PBXBuildFile; fileRef = 9E173FAB19359B7900313618 /* BotManager.cpp */; };
		9E173FB51936AAD000313618 /* CoordSearch.cpp in Sources */ = {isa = PBXBuildFile; fileRef = 9E173FB31936AAD000313618 /* CoordSearch.cpp */; };
		9E1B33DC19329A75006C3F8C /* AnimatedSprite.cpp in Sources */ = {isa = PBXBuildFile; fileRef = 9E1B33DA19329A75006C3F8C /* AnimatedSprite.cpp */; };
		9E2816E8191AA1B000F5E95C /* GameObject.cpp in Sources */ = {isa = PBXBuildFile; fileRef = 9E2816E6191AA1B000F5E95C /* GameObject.cpp */; };
		9E2816F1191AA9AC00F5E95C /* liblua.5.1.5.dylib in Frameworks */ = {isa = PBXBuildFile; fileRef = 9E2816EB191AA98000F5E95C /* liblua.5.1.5.dylib */; };
		9E2816F2191AA9AC00F5E95C /* libluabind.0.9.1.dylib in Frameworks */ = {isa = PBXBuildFile; fileRef = 9E2816EC191AA98000F5E95C /* libluabind.0.9.1.dylib */; };
		9E2816F3191AA9AC00F5E95C /* libyaml-cpp.0.5.1.dylib in Frameworks */ = {isa = PBXBuildFile; fileRef = 9E2816EF191AA99000F5E95C /* libyaml-cpp.0.5.1.dylib */; };
		9E2816FF191AA9AC00F5E95C /* libboost_date_time.1.55.0.a in Frameworks */ = {isa = PBXBuildFile; fileRef = 9E2816F4191AA9AC00F5E95C /* libboost_date_time.1.55.0.a */; };
		9E281700191AA9AC00F5E95C /* libboost_filesystem.1.55.0.a in Frameworks */ = {isa = PBXBuildFile; fileRef = 9E2816F5191AA9AC00F5E95C /* libboost_filesystem.1.55.0.a */; };
		9E281701191AA9AC00F5E95C /* libboost_log.1.55.0.a in Frameworks */ = {isa = PBXBuildFile; fileRef = 9E2816F6191AA9AC00F5E95C /* libboost_log.1.55.0.a */; };
		9E281702191AA9AC00F5E95C /* libboost_system.1.55.0.a in Frameworks */ = {isa = PBXBuildFile; fileRef = 9E2816F7191AA9AC00F5E95C /* libboost_system.1.55.0.a */; };
		9E281703191AA9AC00F5E95C /* libcairo.1.12.16.a in Frameworks */ = {isa = PBXBuildFile; fileRef = 9E2816F8191AA9AC00F5E95C /* libcairo.1.12.16.a */; };
		9E281706191AA9AC00F5E95C /* libpixman.0.32.4.a in Frameworks */ = {isa = PBXBuildFile; fileRef = 9E2816FB191AA9AC00F5E95C /* libpixman.0.32.4.a */; };
		9E281707191AA9AC00F5E95C /* libpng.1.5.17.a in Frameworks */ = {isa = PBXBuildFile; fileRef = 9E2816FC191AA9AC00F5E95C /* libpng.1.5.17.a */; };
		9E281709191AA9AC00F5E95C /* libz.a in Frameworks */ = {isa = PBXBuildFile; fileRef = 9E2816FE191AA9AC00F5E95C /* libz.a */; };
		9E28172C191BEEAA00F5E95C /* ScriptDef.cpp in Sources */ = {isa = PBXBuildFile; fileRef = 9E28172A191BEEAA00F5E95C /* ScriptDef.cpp */; };
		9E28172F191BFC5400F5E95C /* AssetType.cpp in Sources */ = {isa = PBXBuildFile; fileRef = 9E28172D191BFC5400F5E95C /* AssetType.cpp */; };
		9E281738191C5F7D00F5E95C /* LuaDebug.cpp in Sources */ = {isa = PBXBuildFile; fileRef = 9E281736191C5F7D00F5E95C /* LuaDebug.cpp */; };
		9E28173E191C7AA600F5E95C /* yaml.so in Resources */ = {isa = PBXBuildFile; fileRef = 9E28173D191C7AA600F5E95C /* yaml.so */; };
		9E36F8831917CC640098B3C0 /* BatchedMesh.cpp in Sources */ = {isa = PBXBuildFile; fileRef = 9E36F8811917CC640098B3C0 /* BatchedMesh.cpp */; };
		9E36F88619180E8F0098B3C0 /* Transform.cpp in Sources */ = {isa = PBXBuildFile; fileRef = 9E36F88419180E8F0098B3C0 /* Transform.cpp */; };
		9E3AF3F5190DBBC6001007F4 /* RenderInfo.cpp in Sources */ = {isa = PBXBuildFile; fileRef = 9E3AF3F3190DBBC6001007F4 /* RenderInfo.cpp */; };
		9E3BD6C71926B6CD008F9297 /* lua in Resources */ = {isa = PBXBuildFile; fileRef = 9E3BD6C61926B6CD008F9297 /* lua */; };
		9E619797192D19BB0013CB63 /* AnimationDef.cpp in Sources */ = {isa = PBXBuildFile; fileRef = 9E619795192D19BB0013CB63 /* AnimationDef.cpp */; };
		9E74DA8B1930F57C006B323E /* Sprite.cpp in Sources */ = {isa = PBXBuildFile; fileRef = 9E74DA891930F57C006B323E /* Sprite.cpp */; };
		9E92628F18D48232001AB5D6 /* GameComponent.cpp in Sources */ = {isa = PBXBuildFile; fileRef = 9E92628E18D48232001AB5D6 /* GameComponent.cpp */; };
		9E92629218D4EDA0001AB5D6 /* ComponentDrivenApp.cpp in Sources */ = {isa = PBXBuildFile; fileRef = 9E92629118D4EDA0001AB5D6 /* ComponentDrivenApp.cpp */; };
		9EA476CA18F7589A00C6BD1D /* EnumHelper.cpp in Sources */ = {isa = PBXBuildFile; fileRef = 9EA476C818F7589A00C6BD1D /* EnumHelper.cpp */; };
		9EA476CC18F8ABC300C6BD1D /* AssetLoaderBase.cpp in Sources */ = {isa = PBXBuildFile; fileRef = 9EA476CB18F8ABC300C6BD1D /* AssetLoaderBase.cpp */; };
		9EA476D618F9FEFA00C6BD1D /* SimpleMesh.cpp in Sources */ = {isa = PBXBuildFile; fileRef = 9EA476D518F9FEFA00C6BD1D /* SimpleMesh.cpp */; };
		9EB951ED19152837003B5FED /* AssetDefBase.cpp in Sources */ = {isa = PBXBuildFile; fileRef = 9EB951EB19152837003B5FED /* AssetDefBase.cpp */; };
		9ED6DF6A190F58BC002D286C /* Job.cpp in Sources */ = {isa = PBXBuildFile; fileRef = 9ED6DF68190F58BC002D286C /* Job.cpp */; };
		9ED6DF7219106B70002D286C /* TextureDef.cpp in Sources */ = {isa = PBXBuildFile; fileRef = 9ED6DF7019106B70002D286C /* TextureDef.cpp */; };
		9ED6DF7319106B70002D286C /* ShaderDef.cpp in Sources */ = {isa = PBXBuildFile; fileRef = 9ED6DF7119106B70002D286C /* ShaderDef.cpp */; };
		9ED6DF771910707A002D286C /* JobManager.cpp in Sources */ = {isa = PBXBuildFile; fileRef = 9ED6DF751910707A002D286C /* JobManager.cpp */; };
		9EDF4D021929659E0051DCE3 /* TileDef.cpp in Sources */ = {isa = PBXBuildFile; fileRef = 9EDF4D001929659E0051DCE3 /* TileDef.cpp */; };
		9EDF4D07192ADF2C0051DCE3 /* AnimationSetDef.cpp in Sources */ = {isa = PBXBuildFile; fileRef = 9EDF4D05192ADF2C0051DCE3 /* AnimationSetDef.cpp */; };
		9EE7AED618E2F262008A9C83 /* GameCamera.cpp in Sources */ = {isa = PBXBuildFile; fileRef = 9EE7AED418E2F262008A9C83 /* GameCamera.cpp */; };
		9EE7AEEF18E36737008A9C83 /* Utils.cpp in Sources */ = {isa = PBXBuildFile; fileRef = 9EE7AEED18E36737008A9C83 /* Utils.cpp */; };
		9EEE83E218E8FAEB006F2B49 /* FileAssetLoader.cpp in Sources */ = {isa = PBXBuildFile; fileRef = 9EEE83E018E8FAEB006F2B49 /* FileAssetLoader.cpp */; };
/* End PBXBuildFile section */

/* Begin PBXCopyFilesBuildPhase section */
		36A44F5DF31A4B00B966B82C /* CopyFiles */ = {
			isa = PBXCopyFilesBuildPhase;
			buildActionMask = 2147483647;
			dstPath = "";
			dstSubfolderSpec = 6;
			files = (
			);
			runOnlyForDeploymentPostprocessing = 0;
		};
/* End PBXCopyFilesBuildPhase section */

/* Begin PBXFileReference section */
		0091D8F80E81B9330029341E /* OpenGL.framework */ = {isa = PBXFileReference; lastKnownFileType = wrapper.framework; name = OpenGL.framework; path = /System/Library/Frameworks/OpenGL.framework; sourceTree = "<absolute>"; };
		00B784AF0FF439BC000DE1D7 /* Accelerate.framework */ = {isa = PBXFileReference; lastKnownFileType = wrapper.framework; name = Accelerate.framework; path = System/Library/Frameworks/Accelerate.framework; sourceTree = SDKROOT; };
		00B784B00FF439BC000DE1D7 /* AudioToolbox.framework */ = {isa = PBXFileReference; lastKnownFileType = wrapper.framework; name = AudioToolbox.framework; path = System/Library/Frameworks/AudioToolbox.framework; sourceTree = SDKROOT; };
		00B784B10FF439BC000DE1D7 /* AudioUnit.framework */ = {isa = PBXFileReference; lastKnownFileType = wrapper.framework; name = AudioUnit.framework; path = System/Library/Frameworks/AudioUnit.framework; sourceTree = SDKROOT; };
		00B784B20FF439BC000DE1D7 /* CoreAudio.framework */ = {isa = PBXFileReference; lastKnownFileType = wrapper.framework; name = CoreAudio.framework; path = System/Library/Frameworks/CoreAudio.framework; sourceTree = SDKROOT; };
		1058C7A1FEA54F0111CA2CBB /* Cocoa.framework */ = {isa = PBXFileReference; lastKnownFileType = wrapper.framework; name = Cocoa.framework; path = /System/Library/Frameworks/Cocoa.framework; sourceTree = "<absolute>"; };
		29B97324FDCFA39411CA2CEA /* AppKit.framework */ = {isa = PBXFileReference; lastKnownFileType = wrapper.framework; name = AppKit.framework; path = /System/Library/Frameworks/AppKit.framework; sourceTree = "<absolute>"; };
		29B97325FDCFA39411CA2CEA /* Foundation.framework */ = {isa = PBXFileReference; lastKnownFileType = wrapper.framework; name = Foundation.framework; path = /System/Library/Frameworks/Foundation.framework; sourceTree = "<absolute>"; };
		48844111FF804C239BF69347 /* SpaceStationKeeperApp.cpp */ = {isa = PBXFileReference; lastKnownFileType = sourcecode.c.cpp; name = SpaceStationKeeperApp.cpp; path = ../src/SpaceStationKeeperApp.cpp; sourceTree = "<group>"; };
		488B8CB53AA24E43BA540682 /* Info.plist */ = {isa = PBXFileReference; lastKnownFileType = text.plist.xml; path = Info.plist; sourceTree = "<group>"; };
		5323E6B10EAFCA74003A9687 /* CoreVideo.framework */ = {isa = PBXFileReference; lastKnownFileType = wrapper.framework; name = CoreVideo.framework; path = /System/Library/Frameworks/CoreVideo.framework; sourceTree = "<absolute>"; };
		5323E6B50EAFCA7E003A9687 /* QTKit.framework */ = {isa = PBXFileReference; lastKnownFileType = wrapper.framework; name = QTKit.framework; path = /System/Library/Frameworks/QTKit.framework; sourceTree = "<absolute>"; };
		8D1107320486CEB800E47090 /* SpaceStationKeeper.app */ = {isa = PBXFileReference; explicitFileType = wrapper.application; includeInIndex = 0; path = SpaceStationKeeper.app; sourceTree = BUILT_PRODUCTS_DIR; };
		9E09867318FFFFD200480FA7 /* Material.cpp */ = {isa = PBXFileReference; fileEncoding = 4; lastKnownFileType = sourcecode.cpp.cpp; path = Material.cpp; sourceTree = "<group>"; };
		9E0E1E1F190488C5009EECFD /* AssetDefBase.h */ = {isa = PBXFileReference; fileEncoding = 4; lastKnownFileType = sourcecode.c.h; path = AssetDefBase.h; sourceTree = "<group>"; };
		9E0E1E20190488C5009EECFD /* AssetDefConverters.h */ = {isa = PBXFileReference; fileEncoding = 4; lastKnownFileType = sourcecode.c.h; path = AssetDefConverters.h; sourceTree = "<group>"; };
		9E0E1E21190488C5009EECFD /* AssetLoaderBase.h */ = {isa = PBXFileReference; fileEncoding = 4; lastKnownFileType = sourcecode.c.h; path = AssetLoaderBase.h; sourceTree = "<group>"; };
		9E0E1E22190488C5009EECFD /* AssetType.h */ = {isa = PBXFileReference; fileEncoding = 4; lastKnownFileType = sourcecode.c.h; path = AssetType.h; sourceTree = "<group>"; };
		9E0E1E23190488C5009EECFD /* FileAssetLoader.h */ = {isa = PBXFileReference; fileEncoding = 4; lastKnownFileType = sourcecode.c.h; path = FileAssetLoader.h; sourceTree = "<group>"; };
		9E0E1E28190488C5009EECFD /* ComponentDrivenApp.h */ = {isa = PBXFileReference; fileEncoding = 4; lastKnownFileType = sourcecode.c.h; path = ComponentDrivenApp.h; sourceTree = "<group>"; };
		9E0E1E2A190488C5009EECFD /* BaseMesh.h */ = {isa = PBXFileReference; fileEncoding = 4; lastKnownFileType = sourcecode.c.h; path = BaseMesh.h; sourceTree = "<group>"; };
		9E0E1E2B190488C5009EECFD /* GameCamera.h */ = {isa = PBXFileReference; fileEncoding = 4; lastKnownFileType = sourcecode.c.h; path = GameCamera.h; sourceTree = "<group>"; };
		9E0E1E2C190488C5009EECFD /* GameComponent.h */ = {isa = PBXFileReference; fileEncoding = 4; lastKnownFileType = sourcecode.c.h; path = GameComponent.h; sourceTree = "<group>"; };
		9E0E1E2F190488C5009EECFD /* Material.h */ = {isa = PBXFileReference; fileEncoding = 4; lastKnownFileType = sourcecode.c.h; path = Material.h; sourceTree = "<group>"; };
		9E0E1E32190488C5009EECFD /* SimpleMesh.h */ = {isa = PBXFileReference; fileEncoding = 4; lastKnownFileType = sourcecode.c.h; path = SimpleMesh.h; sourceTree = "<group>"; };
		9E0E1E33190488C5009EECFD /* Transform.h */ = {isa = PBXFileReference; fileEncoding = 4; lastKnownFileType = sourcecode.c.h; path = Transform.h; sourceTree = "<group>"; };
		9E0E1E78190488C5009EECFD /* Resources.h */ = {isa = PBXFileReference; fileEncoding = 4; lastKnownFileType = sourcecode.c.h; path = Resources.h; sourceTree = "<group>"; };
		9E0E1E7D190488C5009EECFD /* EnumHelper.h */ = {isa = PBXFileReference; fileEncoding = 4; lastKnownFileType = sourcecode.c.h; path = EnumHelper.h; sourceTree = "<group>"; };
		9E0E1E7E190488C5009EECFD /* Utils.h */ = {isa = PBXFileReference; fileEncoding = 4; lastKnownFileType = sourcecode.c.h; path = Utils.h; sourceTree = "<group>"; };
		9E0E1E8019048917009EECFD /* BindingManager.cpp */ = {isa = PBXFileReference; fileEncoding = 4; lastKnownFileType = sourcecode.cpp.cpp; path = BindingManager.cpp; sourceTree = "<group>"; };
		9E0E1E8119048917009EECFD /* BindingManager.h */ = {isa = PBXFileReference; fileEncoding = 4; lastKnownFileType = sourcecode.c.h; path = BindingManager.h; sourceTree = "<group>"; };
		9E10054A18EA355F00EC5213 /* assets */ = {isa = PBXFileReference; lastKnownFileType = folder; name = assets; path = ../assets; sourceTree = "<group>"; };
		9E173FA9193599AF00313618 /* BotManager.h */ = {isa = PBXFileReference; lastKnownFileType = sourcecode.c.h; path = BotManager.h; sourceTree = "<group>"; };
		9E173FAA19359AC800313618 /* Bot.h */ = {isa = PBXFileReference; lastKnownFileType = sourcecode.c.h; path = Bot.h; sourceTree = "<group>"; };
		9E173FAB19359B7900313618 /* BotManager.cpp */ = {isa = PBXFileReference; fileEncoding = 4; lastKnownFileType = sourcecode.cpp.cpp; path = BotManager.cpp; sourceTree = "<group>"; };
		9E173FAE19359DD300313618 /* Passibility.h */ = {isa = PBXFileReference; fileEncoding = 4; lastKnownFileType = sourcecode.c.h; path = Passibility.h; sourceTree = "<group>"; };
		9E173FAF1935AADA00313618 /* VecComparison.h */ = {isa = PBXFileReference; lastKnownFileType = sourcecode.c.h; path = VecComparison.h; sourceTree = "<group>"; };
		9E173FB019364FA700313618 /* BotBinding.h */ = {isa = PBXFileReference; lastKnownFileType = sourcecode.c.h; path = BotBinding.h; sourceTree = "<group>"; };
		9E173FB11936500800313618 /* BotWrapper.h */ = {isa = PBXFileReference; lastKnownFileType = sourcecode.c.h; path = BotWrapper.h; sourceTree = "<group>"; };
		9E173FB21936A59400313618 /* CoordSearch.h */ = {isa = PBXFileReference; lastKnownFileType = sourcecode.c.h; path = CoordSearch.h; sourceTree = "<group>"; };
		9E173FB31936AAD000313618 /* CoordSearch.cpp */ = {isa = PBXFileReference; fileEncoding = 4; lastKnownFileType = sourcecode.cpp.cpp; path = CoordSearch.cpp; sourceTree = "<group>"; };
		9E1AE48B191E80E10083E6D2 /* BatchedMeshBinder.h */ = {isa = PBXFileReference; lastKnownFileType = sourcecode.c.h; path = BatchedMeshBinder.h; sourceTree = "<group>"; };
		9E1AE48C191EA3E20083E6D2 /* EnumHelperBinder.h */ = {isa = PBXFileReference; lastKnownFileType = sourcecode.c.h; path = EnumHelperBinder.h; sourceTree = "<group>"; };
		9E1AE48D191EB8F00083E6D2 /* UtilsBinder.h */ = {isa = PBXFileReference; lastKnownFileType = sourcecode.c.h; path = UtilsBinder.h; sourceTree = "<group>"; };
		9E1B33D91932979D006C3F8C /* AnimatedSprite.h */ = {isa = PBXFileReference; lastKnownFileType = sourcecode.c.h; path = AnimatedSprite.h; sourceTree = "<group>"; };
		9E1B33DA19329A75006C3F8C /* AnimatedSprite.cpp */ = {isa = PBXFileReference; fileEncoding = 4; lastKnownFileType = sourcecode.cpp.cpp; path = AnimatedSprite.cpp; sourceTree = "<group>"; };
		9E238FD91919DB7800F642A5 /* TypedEvent.h */ = {isa = PBXFileReference; lastKnownFileType = sourcecode.c.h; path = TypedEvent.h; sourceTree = "<group>"; };
		9E2816E5191A979000F5E95C /* GameObject.h */ = {isa = PBXFileReference; lastKnownFileType = sourcecode.c.h; path = GameObject.h; sourceTree = "<group>"; };
		9E2816E6191AA1B000F5E95C /* GameObject.cpp */ = {isa = PBXFileReference; fileEncoding = 4; lastKnownFileType = sourcecode.cpp.cpp; path = GameObject.cpp; sourceTree = "<group>"; };
		9E2816E9191AA60400F5E95C /* GameComponentWrapper.h */ = {isa = PBXFileReference; lastKnownFileType = sourcecode.c.h; path = GameComponentWrapper.h; sourceTree = "<group>"; };
		9E2816EA191AA63800F5E95C /* LuaBindDeps.h */ = {isa = PBXFileReference; lastKnownFileType = sourcecode.c.h; path = LuaBindDeps.h; sourceTree = "<group>"; };
		9E2816EB191AA98000F5E95C /* liblua.5.1.5.dylib */ = {isa = PBXFileReference; lastKnownFileType = "compiled.mach-o.dylib"; name = liblua.5.1.5.dylib; path = ../libraries/lib/osx/liblua.5.1.5.dylib; sourceTree = "<group>"; };
		9E2816EC191AA98000F5E95C /* libluabind.0.9.1.dylib */ = {isa = PBXFileReference; lastKnownFileType = "compiled.mach-o.dylib"; name = libluabind.0.9.1.dylib; path = ../libraries/lib/osx/libluabind.0.9.1.dylib; sourceTree = "<group>"; };
		9E2816EF191AA99000F5E95C /* libyaml-cpp.0.5.1.dylib */ = {isa = PBXFileReference; lastKnownFileType = "compiled.mach-o.dylib"; name = "libyaml-cpp.0.5.1.dylib"; path = "../libraries/lib/osx/libyaml-cpp.0.5.1.dylib"; sourceTree = "<group>"; };
		9E2816F4191AA9AC00F5E95C /* libboost_date_time.1.55.0.a */ = {isa = PBXFileReference; lastKnownFileType = archive.ar; name = libboost_date_time.1.55.0.a; path = ../libraries/lib/osx/libboost_date_time.1.55.0.a; sourceTree = "<group>"; };
		9E2816F5191AA9AC00F5E95C /* libboost_filesystem.1.55.0.a */ = {isa = PBXFileReference; lastKnownFileType = archive.ar; name = libboost_filesystem.1.55.0.a; path = ../libraries/lib/osx/libboost_filesystem.1.55.0.a; sourceTree = "<group>"; };
		9E2816F6191AA9AC00F5E95C /* libboost_log.1.55.0.a */ = {isa = PBXFileReference; lastKnownFileType = archive.ar; name = libboost_log.1.55.0.a; path = ../libraries/lib/osx/libboost_log.1.55.0.a; sourceTree = "<group>"; };
		9E2816F7191AA9AC00F5E95C /* libboost_system.1.55.0.a */ = {isa = PBXFileReference; lastKnownFileType = archive.ar; name = libboost_system.1.55.0.a; path = ../libraries/lib/osx/libboost_system.1.55.0.a; sourceTree = "<group>"; };
		9E2816F8191AA9AC00F5E95C /* libcairo.1.12.16.a */ = {isa = PBXFileReference; lastKnownFileType = archive.ar; name = libcairo.1.12.16.a; path = ../libraries/lib/osx/libcairo.1.12.16.a; sourceTree = "<group>"; };
		9E2816FB191AA9AC00F5E95C /* libpixman.0.32.4.a */ = {isa = PBXFileReference; lastKnownFileType = archive.ar; name = libpixman.0.32.4.a; path = ../libraries/lib/osx/libpixman.0.32.4.a; sourceTree = "<group>"; };
		9E2816FC191AA9AC00F5E95C /* libpng.1.5.17.a */ = {isa = PBXFileReference; lastKnownFileType = archive.ar; name = libpng.1.5.17.a; path = ../libraries/lib/osx/libpng.1.5.17.a; sourceTree = "<group>"; };
		9E2816FE191AA9AC00F5E95C /* libz.a */ = {isa = PBXFileReference; lastKnownFileType = archive.ar; name = libz.a; path = ../libraries/lib/osx/libz.a; sourceTree = "<group>"; };
		9E28170B191ABECA00F5E95C /* ScriptDef.h */ = {isa = PBXFileReference; lastKnownFileType = sourcecode.c.h; path = ScriptDef.h; sourceTree = "<group>"; };
		9E281718191BB33A00F5E95C /* ClassBinder.h */ = {isa = PBXFileReference; lastKnownFileType = sourcecode.c.h; path = ClassBinder.h; sourceTree = "<group>"; };
		9E28171C191BB8D000F5E95C /* CinderEventBinders.h */ = {isa = PBXFileReference; lastKnownFileType = sourcecode.c.h; path = CinderEventBinders.h; sourceTree = "<group>"; };
		9E28171D191BBAB900F5E95C /* GameObjectBinder.h */ = {isa = PBXFileReference; lastKnownFileType = sourcecode.c.h; path = GameObjectBinder.h; sourceTree = "<group>"; };
		9E28171E191BBB3B00F5E95C /* TransformBinder.h */ = {isa = PBXFileReference; lastKnownFileType = sourcecode.c.h; path = TransformBinder.h; sourceTree = "<group>"; };
		9E28171F191BD8A100F5E95C /* BaseMeshBinder.h */ = {isa = PBXFileReference; lastKnownFileType = sourcecode.c.h; path = BaseMeshBinder.h; sourceTree = "<group>"; };
		9E281720191BD9D600F5E95C /* MaterialBinder.h */ = {isa = PBXFileReference; lastKnownFileType = sourcecode.c.h; path = MaterialBinder.h; sourceTree = "<group>"; };
		9E281721191BDA7900F5E95C /* RenderInfoBinder.h */ = {isa = PBXFileReference; lastKnownFileType = sourcecode.c.h; path = RenderInfoBinder.h; sourceTree = "<group>"; };
		9E281722191BDAE100F5E95C /* CinderColorBinders.h */ = {isa = PBXFileReference; lastKnownFileType = sourcecode.c.h; path = CinderColorBinders.h; sourceTree = "<group>"; };
		9E281723191BDD1C00F5E95C /* AssetDefBinders.h */ = {isa = PBXFileReference; lastKnownFileType = sourcecode.c.h; path = AssetDefBinders.h; sourceTree = "<group>"; };
		9E281724191BDDAE00F5E95C /* AssetLoadersBinders.h */ = {isa = PBXFileReference; lastKnownFileType = sourcecode.c.h; path = AssetLoadersBinders.h; sourceTree = "<group>"; };
		9E281725191BDE7F00F5E95C /* AxisAlignedBoxBinders.h */ = {isa = PBXFileReference; lastKnownFileType = sourcecode.c.h; path = AxisAlignedBoxBinders.h; sourceTree = "<group>"; };
		9E281726191BE16800F5E95C /* CinderVecBinders.h */ = {isa = PBXFileReference; lastKnownFileType = sourcecode.c.h; path = CinderVecBinders.h; sourceTree = "<group>"; };
		9E281727191BE29B00F5E95C /* CinderMatrixBinders.h */ = {isa = PBXFileReference; lastKnownFileType = sourcecode.c.h; path = CinderMatrixBinders.h; sourceTree = "<group>"; };
		9E281728191BE83700F5E95C /* GameComponentBinder.h */ = {isa = PBXFileReference; lastKnownFileType = sourcecode.c.h; path = GameComponentBinder.h; sourceTree = "<group>"; };
		9E28172A191BEEAA00F5E95C /* ScriptDef.cpp */ = {isa = PBXFileReference; fileEncoding = 4; lastKnownFileType = sourcecode.cpp.cpp; path = ScriptDef.cpp; sourceTree = "<group>"; };
		9E28172D191BFC5400F5E95C /* AssetType.cpp */ = {isa = PBXFileReference; fileEncoding = 4; lastKnownFileType = sourcecode.cpp.cpp; path = AssetType.cpp; sourceTree = "<group>"; };
		9E281730191C590900F5E95C /* LuaExecutionException.h */ = {isa = PBXFileReference; lastKnownFileType = sourcecode.c.h; path = LuaExecutionException.h; sourceTree = "<group>"; };
		9E281735191C5F3300F5E95C /* LuaDebug.h */ = {isa = PBXFileReference; lastKnownFileType = sourcecode.c.h; path = LuaDebug.h; sourceTree = "<group>"; };
		9E281736191C5F7D00F5E95C /* LuaDebug.cpp */ = {isa = PBXFileReference; fileEncoding = 4; lastKnownFileType = sourcecode.cpp.cpp; path = LuaDebug.cpp; sourceTree = "<group>"; };
		9E281739191C5FDF00F5E95C /* LuaDebugBinder.h */ = {isa = PBXFileReference; lastKnownFileType = sourcecode.c.h; path = LuaDebugBinder.h; sourceTree = "<group>"; };
		9E28173D191C7AA600F5E95C /* yaml.so */ = {isa = PBXFileReference; lastKnownFileType = "compiled.mach-o.dylib"; name = yaml.so; path = ../libraries/lib/osx/yaml.so; sourceTree = "<group>"; };
		9E28173F191C871300F5E95C /* CinderQuatBinders.h */ = {isa = PBXFileReference; lastKnownFileType = sourcecode.c.h; path = CinderQuatBinders.h; sourceTree = "<group>"; };
		9E281740191D348000F5E95C /* GameCameraBinder.h */ = {isa = PBXFileReference; lastKnownFileType = sourcecode.c.h; path = GameCameraBinder.h; sourceTree = "<group>"; };
		9E36F8801917CBAC0098B3C0 /* BatchedMesh.h */ = {isa = PBXFileReference; lastKnownFileType = sourcecode.c.h; path = BatchedMesh.h; sourceTree = "<group>"; };
		9E36F8811917CC640098B3C0 /* BatchedMesh.cpp */ = {isa = PBXFileReference; fileEncoding = 4; lastKnownFileType = sourcecode.cpp.cpp; path = BatchedMesh.cpp; sourceTree = "<group>"; };
		9E36F88419180E8F0098B3C0 /* Transform.cpp */ = {isa = PBXFileReference; fileEncoding = 4; lastKnownFileType = sourcecode.cpp.cpp; path = Transform.cpp; sourceTree = "<group>"; };
		9E3AF3F3190DBBC6001007F4 /* RenderInfo.cpp */ = {isa = PBXFileReference; fileEncoding = 4; lastKnownFileType = sourcecode.cpp.cpp; path = RenderInfo.cpp; sourceTree = "<group>"; };
		9E3BD6C41926A500008F9297 /* BatchInfo.h */ = {isa = PBXFileReference; lastKnownFileType = sourcecode.c.h; path = BatchInfo.h; sourceTree = "<group>"; };
		9E3BD6C61926B6CD008F9297 /* lua */ = {isa = PBXFileReference; lastKnownFileType = folder; name = lua; path = ../libraries/lua; sourceTree = "<group>"; };
		9E3CD3FA191D9B95000E6778 /* FixStdSharedPtrBind.h */ = {isa = PBXFileReference; lastKnownFileType = sourcecode.c.h; path = FixStdSharedPtrBind.h; sourceTree = "<group>"; };
		9E3CD3FB191DD1F7000E6778 /* SimpleMeshBinder.h */ = {isa = PBXFileReference; lastKnownFileType = sourcecode.c.h; path = SimpleMeshBinder.h; sourceTree = "<group>"; };
		9E3CD3FC191DD2D2000E6778 /* CinderRectBinders.h */ = {isa = PBXFileReference; lastKnownFileType = sourcecode.c.h; path = CinderRectBinders.h; sourceTree = "<group>"; };
		9E5D3B101922D8AC0011FA66 /* JobWrapper.h */ = {isa = PBXFileReference; lastKnownFileType = sourcecode.c.h; path = JobWrapper.h; sourceTree = "<group>"; };
		9E5D3B111922DB2F0011FA66 /* JobBinder.h */ = {isa = PBXFileReference; lastKnownFileType = sourcecode.c.h; path = JobBinder.h; sourceTree = "<group>"; };
		9E619794192D18B60013CB63 /* AnimationDef.h */ = {isa = PBXFileReference; lastKnownFileType = sourcecode.c.h; path = AnimationDef.h; sourceTree = "<group>"; };
		9E619795192D19BB0013CB63 /* AnimationDef.cpp */ = {isa = PBXFileReference; fileEncoding = 4; lastKnownFileType = sourcecode.cpp.cpp; path = AnimationDef.cpp; sourceTree = "<group>"; };
		9E72B0E5190C4E3400F9935A /* RenderInfo.h */ = {isa = PBXFileReference; lastKnownFileType = sourcecode.c.h; path = RenderInfo.h; sourceTree = "<group>"; };
		9E74DA881930F4A8006B323E /* Sprite.h */ = {isa = PBXFileReference; lastKnownFileType = sourcecode.c.h; path = Sprite.h; sourceTree = "<group>"; };
		9E74DA891930F57C006B323E /* Sprite.cpp */ = {isa = PBXFileReference; fileEncoding = 4; lastKnownFileType = sourcecode.cpp.cpp; path = Sprite.cpp; sourceTree = "<group>"; };
		9E74DA8C1930FB9C006B323E /* SpriteBinder.h */ = {isa = PBXFileReference; lastKnownFileType = sourcecode.c.h; path = SpriteBinder.h; sourceTree = "<group>"; };
		9E92628E18D48232001AB5D6 /* GameComponent.cpp */ = {isa = PBXFileReference; fileEncoding = 4; lastKnownFileType = sourcecode.cpp.cpp; path = GameComponent.cpp; sourceTree = "<group>"; };
		9E92629118D4EDA0001AB5D6 /* ComponentDrivenApp.cpp */ = {isa = PBXFileReference; fileEncoding = 4; lastKnownFileType = sourcecode.cpp.cpp; path = ComponentDrivenApp.cpp; sourceTree = "<group>"; };
		9EA476C818F7589A00C6BD1D /* EnumHelper.cpp */ = {isa = PBXFileReference; fileEncoding = 4; lastKnownFileType = sourcecode.cpp.cpp; path = EnumHelper.cpp; sourceTree = "<group>"; };
		9EA476CB18F8ABC300C6BD1D /* AssetLoaderBase.cpp */ = {isa = PBXFileReference; fileEncoding = 4; lastKnownFileType = sourcecode.cpp.cpp; path = AssetLoaderBase.cpp; sourceTree = "<group>"; };
		9EA476D518F9FEFA00C6BD1D /* SimpleMesh.cpp */ = {isa = PBXFileReference; fileEncoding = 4; lastKnownFileType = sourcecode.cpp.cpp; path = SimpleMesh.cpp; sourceTree = "<group>"; };
		9EB951EB19152837003B5FED /* AssetDefBase.cpp */ = {isa = PBXFileReference; fileEncoding = 4; lastKnownFileType = sourcecode.cpp.cpp; path = AssetDefBase.cpp; sourceTree = "<group>"; };
		9EB951F01915311E003B5FED /* AssetLoadException.h */ = {isa = PBXFileReference; lastKnownFileType = sourcecode.c.h; path = AssetLoadException.h; sourceTree = "<group>"; };
		9EB951F2191709E7003B5FED /* AssetDefBaseT.h */ = {isa = PBXFileReference; lastKnownFileType = sourcecode.c.h; path = AssetDefBaseT.h; sourceTree = "<group>"; };
		9EB951F319170B3F003B5FED /* NotImplementedException.h */ = {isa = PBXFileReference; lastKnownFileType = sourcecode.c.h; path = NotImplementedException.h; sourceTree = "<group>"; };
		9ED6DF63190F5666002D286C /* Job.h */ = {isa = PBXFileReference; lastKnownFileType = sourcecode.c.h; path = Job.h; sourceTree = "<group>"; };
		9ED6DF65190F5733002D286C /* Resource.h */ = {isa = PBXFileReference; lastKnownFileType = sourcecode.c.h; path = Resource.h; sourceTree = "<group>"; };
		9ED6DF68190F58BC002D286C /* Job.cpp */ = {isa = PBXFileReference; fileEncoding = 4; lastKnownFileType = sourcecode.cpp.cpp; path = Job.cpp; sourceTree = "<group>"; };
		9ED6DF6E19106B60002D286C /* ShaderDef.h */ = {isa = PBXFileReference; fileEncoding = 4; lastKnownFileType = sourcecode.c.h; path = ShaderDef.h; sourceTree = "<group>"; };
		9ED6DF6F19106B60002D286C /* TextureDef.h */ = {isa = PBXFileReference; fileEncoding = 4; lastKnownFileType = sourcecode.c.h; path = TextureDef.h; sourceTree = "<group>"; };
		9ED6DF7019106B70002D286C /* TextureDef.cpp */ = {isa = PBXFileReference; fileEncoding = 4; lastKnownFileType = sourcecode.cpp.cpp; path = TextureDef.cpp; sourceTree = "<group>"; };
		9ED6DF7119106B70002D286C /* ShaderDef.cpp */ = {isa = PBXFileReference; fileEncoding = 4; lastKnownFileType = sourcecode.cpp.cpp; path = ShaderDef.cpp; sourceTree = "<group>"; };
		9ED6DF7419106F77002D286C /* JobManager.h */ = {isa = PBXFileReference; lastKnownFileType = sourcecode.c.h; path = JobManager.h; sourceTree = "<group>"; };
		9ED6DF751910707A002D286C /* JobManager.cpp */ = {isa = PBXFileReference; fileEncoding = 4; lastKnownFileType = sourcecode.cpp.cpp; path = JobManager.cpp; sourceTree = "<group>"; };
		9EDF4CFE1928FBAB0051DCE3 /* AnimationSetDef.h */ = {isa = PBXFileReference; lastKnownFileType = sourcecode.c.h; path = AnimationSetDef.h; sourceTree = "<group>"; };
		9EDF4CFF1928FC4B0051DCE3 /* TileDef.h */ = {isa = PBXFileReference; lastKnownFileType = sourcecode.c.h; path = TileDef.h; sourceTree = "<group>"; };
		9EDF4D001929659E0051DCE3 /* TileDef.cpp */ = {isa = PBXFileReference; fileEncoding = 4; lastKnownFileType = sourcecode.cpp.cpp; path = TileDef.cpp; sourceTree = "<group>"; };
		9EDF4D05192ADF2C0051DCE3 /* AnimationSetDef.cpp */ = {isa = PBXFileReference; fileEncoding = 4; lastKnownFileType = sourcecode.cpp.cpp; path = AnimationSetDef.cpp; sourceTree = "<group>"; };
		9EE7AED418E2F262008A9C83 /* GameCamera.cpp */ = {isa = PBXFileReference; fileEncoding = 4; lastKnownFileType = sourcecode.cpp.cpp; path = GameCamera.cpp; sourceTree = "<group>"; };
		9EE7AEED18E36737008A9C83 /* Utils.cpp */ = {isa = PBXFileReference; fileEncoding = 4; lastKnownFileType = sourcecode.cpp.cpp; path = Utils.cpp; sourceTree = "<group>"; };
		9EEE83E018E8FAEB006F2B49 /* FileAssetLoader.cpp */ = {isa = PBXFileReference; fileEncoding = 4; lastKnownFileType = sourcecode.cpp.cpp; path = FileAssetLoader.cpp; sourceTree = "<group>"; };
		9EF876311907FF4C005824D9 /* SpaceStationKeeperApp.h */ = {isa = PBXFileReference; lastKnownFileType = sourcecode.c.h; path = SpaceStationKeeperApp.h; sourceTree = "<group>"; };
		D756B7AFE4AB4AE4873DFF67 /* CinderApp.icns */ = {isa = PBXFileReference; lastKnownFileType = image.icns; name = CinderApp.icns; path = ../resources/CinderApp.icns; sourceTree = "<group>"; };
/* End PBXFileReference section */

/* Begin PBXFrameworksBuildPhase section */
		8D11072E0486CEB800E47090 /* Frameworks */ = {
			isa = PBXFrameworksBuildPhase;
			buildActionMask = 2147483647;
			files = (
				9E2816FF191AA9AC00F5E95C /* libboost_date_time.1.55.0.a in Frameworks */,
				9E281700191AA9AC00F5E95C /* libboost_filesystem.1.55.0.a in Frameworks */,
				9E281701191AA9AC00F5E95C /* libboost_log.1.55.0.a in Frameworks */,
				9E281702191AA9AC00F5E95C /* libboost_system.1.55.0.a in Frameworks */,
				9E281703191AA9AC00F5E95C /* libcairo.1.12.16.a in Frameworks */,
				9E281706191AA9AC00F5E95C /* libpixman.0.32.4.a in Frameworks */,
				9E281707191AA9AC00F5E95C /* libpng.1.5.17.a in Frameworks */,
				9E281709191AA9AC00F5E95C /* libz.a in Frameworks */,
				9E2816F1191AA9AC00F5E95C /* liblua.5.1.5.dylib in Frameworks */,
				9E2816F2191AA9AC00F5E95C /* libluabind.0.9.1.dylib in Frameworks */,
				9E2816F3191AA9AC00F5E95C /* libyaml-cpp.0.5.1.dylib in Frameworks */,
				8D11072F0486CEB800E47090 /* Cocoa.framework in Frameworks */,
				0091D8F90E81B9330029341E /* OpenGL.framework in Frameworks */,
				5323E6B20EAFCA74003A9687 /* CoreVideo.framework in Frameworks */,
				5323E6B60EAFCA7E003A9687 /* QTKit.framework in Frameworks */,
				00B784B30FF439BC000DE1D7 /* Accelerate.framework in Frameworks */,
				00B784B40FF439BC000DE1D7 /* AudioToolbox.framework in Frameworks */,
				00B784B50FF439BC000DE1D7 /* AudioUnit.framework in Frameworks */,
				00B784B60FF439BC000DE1D7 /* CoreAudio.framework in Frameworks */,
			);
			runOnlyForDeploymentPostprocessing = 0;
		};
/* End PBXFrameworksBuildPhase section */

/* Begin PBXGroup section */
		080E96DDFE201D6D7F000001 /* Source */ = {
			isa = PBXGroup;
			children = (
				9E92629118D4EDA0001AB5D6 /* ComponentDrivenApp.cpp */,
				48844111FF804C239BF69347 /* SpaceStationKeeperApp.cpp */,
				9EEE83DB18E8F8CB006F2B49 /* AssetManagement */,
				9E0E1E7F190488EE009EECFD /* Binding */,
				9E92628C18D47F87001AB5D6 /* Components */,
				9E92629518D4F915001AB5D6 /* DataStructures */,
				9ED6DF67190F58A9002D286C /* Jobs */,
				9EE7AED718E2FC9E008A9C83 /* Utils */,
			);
			name = Source;
			path = ../src;
			sourceTree = "<group>";
		};
		1058C7A0FEA54F0111CA2CBB /* Linked Frameworks */ = {
			isa = PBXGroup;
			children = (
				00B784AF0FF439BC000DE1D7 /* Accelerate.framework */,
				00B784B00FF439BC000DE1D7 /* AudioToolbox.framework */,
				00B784B10FF439BC000DE1D7 /* AudioUnit.framework */,
				00B784B20FF439BC000DE1D7 /* CoreAudio.framework */,
				5323E6B50EAFCA7E003A9687 /* QTKit.framework */,
				5323E6B10EAFCA74003A9687 /* CoreVideo.framework */,
				0091D8F80E81B9330029341E /* OpenGL.framework */,
				1058C7A1FEA54F0111CA2CBB /* Cocoa.framework */,
			);
			name = "Linked Frameworks";
			sourceTree = "<group>";
		};
		1058C7A2FEA54F0111CA2CBB /* Other Frameworks */ = {
			isa = PBXGroup;
			children = (
				29B97324FDCFA39411CA2CEA /* AppKit.framework */,
				29B97325FDCFA39411CA2CEA /* Foundation.framework */,
			);
			name = "Other Frameworks";
			sourceTree = "<group>";
		};
		19C28FACFE9D520D11CA2CBB /* Products */ = {
			isa = PBXGroup;
			children = (
				8D1107320486CEB800E47090 /* SpaceStationKeeper.app */,
			);
			name = Products;
			sourceTree = "<group>";
		};
		29B97314FDCFA39411CA2CEA /* SpaceStationKeeper */ = {
			isa = PBXGroup;
			children = (
				9E3BD6C61926B6CD008F9297 /* lua */,
				9E28173D191C7AA600F5E95C /* yaml.so */,
				9E10054A18EA355F00EC5213 /* assets */,
				29B97323FDCFA39411CA2CEA /* Frameworks */,
				9E0E1E1D190488C5009EECFD /* Include */,
				19C28FACFE9D520D11CA2CBB /* Products */,
				29B97317FDCFA39411CA2CEA /* Resources */,
				080E96DDFE201D6D7F000001 /* Source */,
			);
			name = SpaceStationKeeper;
			sourceTree = "<group>";
		};
		29B97317FDCFA39411CA2CEA /* Resources */ = {
			isa = PBXGroup;
			children = (
				D756B7AFE4AB4AE4873DFF67 /* CinderApp.icns */,
				488B8CB53AA24E43BA540682 /* Info.plist */,
			);
			name = Resources;
			sourceTree = "<group>";
		};
		29B97323FDCFA39411CA2CEA /* Frameworks */ = {
			isa = PBXGroup;
			children = (
				9E2816F4191AA9AC00F5E95C /* libboost_date_time.1.55.0.a */,
				9E2816F5191AA9AC00F5E95C /* libboost_filesystem.1.55.0.a */,
				9E2816F6191AA9AC00F5E95C /* libboost_log.1.55.0.a */,
				9E2816F7191AA9AC00F5E95C /* libboost_system.1.55.0.a */,
				9E2816F8191AA9AC00F5E95C /* libcairo.1.12.16.a */,
				9E2816FB191AA9AC00F5E95C /* libpixman.0.32.4.a */,
				9E2816FC191AA9AC00F5E95C /* libpng.1.5.17.a */,
				9E2816FE191AA9AC00F5E95C /* libz.a */,
				9E2816EF191AA99000F5E95C /* libyaml-cpp.0.5.1.dylib */,
				9E2816EB191AA98000F5E95C /* liblua.5.1.5.dylib */,
				9E2816EC191AA98000F5E95C /* libluabind.0.9.1.dylib */,
				1058C7A0FEA54F0111CA2CBB /* Linked Frameworks */,
				1058C7A2FEA54F0111CA2CBB /* Other Frameworks */,
			);
			name = Frameworks;
			sourceTree = "<group>";
		};
		9E0E1E1D190488C5009EECFD /* Include */ = {
			isa = PBXGroup;
			children = (
				9E238FD31919D34B00F642A5 /* Events */,
				9EB951EE19152FFF003B5FED /* Exceptions */,
				9E0E1E28190488C5009EECFD /* ComponentDrivenApp.h */,
				9E0E1E78190488C5009EECFD /* Resources.h */,
				9EF876311907FF4C005824D9 /* SpaceStationKeeperApp.h */,
				9E0E1E1E190488C5009EECFD /* AssetManagement */,
				9E0E1E8319048928009EECFD /* Binding */,
				9E0E1E29190488C5009EECFD /* Components */,
				9E0E1E34190488C5009EECFD /* DataStructures */,
				9ED6DF62190F5639002D286C /* Jobs */,
				9ED6DF64190F571B002D286C /* Resources */,
				9E0E1E7C190488C5009EECFD /* Utils */,
			);
			name = Include;
			path = ../include;
			sourceTree = "<group>";
		};
		9E0E1E1E190488C5009EECFD /* AssetManagement */ = {
			isa = PBXGroup;
			children = (
				9ED6DF6E19106B60002D286C /* ShaderDef.h */,
				9ED6DF6F19106B60002D286C /* TextureDef.h */,
				9E0E1E1F190488C5009EECFD /* AssetDefBase.h */,
				9EB951F2191709E7003B5FED /* AssetDefBaseT.h */,
				9E0E1E20190488C5009EECFD /* AssetDefConverters.h */,
				9E0E1E21190488C5009EECFD /* AssetLoaderBase.h */,
				9E0E1E22190488C5009EECFD /* AssetType.h */,
				9E0E1E23190488C5009EECFD /* FileAssetLoader.h */,
				9E28170B191ABECA00F5E95C /* ScriptDef.h */,
				9EDF4CFE1928FBAB0051DCE3 /* AnimationSetDef.h */,
				9EDF4CFF1928FC4B0051DCE3 /* TileDef.h */,
				9E619794192D18B60013CB63 /* AnimationDef.h */,
			);
			path = AssetManagement;
			sourceTree = "<group>";
		};
		9E0E1E29190488C5009EECFD /* Components */ = {
			isa = PBXGroup;
			children = (
				9E0E1E2A190488C5009EECFD /* BaseMesh.h */,
				9E0E1E2B190488C5009EECFD /* GameCamera.h */,
				9E0E1E32190488C5009EECFD /* SimpleMesh.h */,
				9E0E1E2C190488C5009EECFD /* GameComponent.h */,
				9E0E1E33190488C5009EECFD /* Transform.h */,
				9E0E1E2F190488C5009EECFD /* Material.h */,
				9E72B0E5190C4E3400F9935A /* RenderInfo.h */,
				9E36F8801917CBAC0098B3C0 /* BatchedMesh.h */,
				9E2816E5191A979000F5E95C /* GameObject.h */,
				9E74DA881930F4A8006B323E /* Sprite.h */,
				9E1B33D91932979D006C3F8C /* AnimatedSprite.h */,
				9E173FA9193599AF00313618 /* BotManager.h */,
				9E173FAA19359AC800313618 /* Bot.h */,
				9E173FB21936A59400313618 /* CoordSearch.h */,
			);
			path = Components;
			sourceTree = "<group>";
		};
		9E0E1E34190488C5009EECFD /* DataStructures */ = {
			isa = PBXGroup;
			children = (
				9E173FAE19359DD300313618 /* Passibility.h */,
				9E3BD6C41926A500008F9297 /* BatchInfo.h */,
			);
			path = DataStructures;
			sourceTree = "<group>";
		};
		9E0E1E7C190488C5009EECFD /* Utils */ = {
			isa = PBXGroup;
			children = (
				9E0E1E7D190488C5009EECFD /* EnumHelper.h */,
				9E0E1E7E190488C5009EECFD /* Utils.h */,
				9E173FAF1935AADA00313618 /* VecComparison.h */,
			);
			path = Utils;
			sourceTree = "<group>";
		};
		9E0E1E7F190488EE009EECFD /* Binding */ = {
			isa = PBXGroup;
			children = (
				9E0E1E8019048917009EECFD /* BindingManager.cpp */,
				9E281736191C5F7D00F5E95C /* LuaDebug.cpp */,
			);
			path = Binding;
			sourceTree = "<group>";
		};
		9E0E1E8319048928009EECFD /* Binding */ = {
			isa = PBXGroup;
			children = (
				9E281729191BE94D00F5E95C /* Wrappers */,
				9E281719191BB84000F5E95C /* ClassBinders */,
				9E0E1E8119048917009EECFD /* BindingManager.h */,
				9E2816EA191AA63800F5E95C /* LuaBindDeps.h */,
				9E281718191BB33A00F5E95C /* ClassBinder.h */,
				9E281735191C5F3300F5E95C /* LuaDebug.h */,
				9E3CD3FA191D9B95000E6778 /* FixStdSharedPtrBind.h */,
			);
			path = Binding;
			sourceTree = "<group>";
		};
		9E238FD31919D34B00F642A5 /* Events */ = {
			isa = PBXGroup;
			children = (
				9E238FD91919DB7800F642A5 /* TypedEvent.h */,
			);
			path = Events;
			sourceTree = "<group>";
		};
		9E281719191BB84000F5E95C /* ClassBinders */ = {
			isa = PBXGroup;
			children = (
				9E28171C191BB8D000F5E95C /* CinderEventBinders.h */,
				9E28171D191BBAB900F5E95C /* GameObjectBinder.h */,
				9E28171E191BBB3B00F5E95C /* TransformBinder.h */,
				9E28171F191BD8A100F5E95C /* BaseMeshBinder.h */,
				9E281720191BD9D600F5E95C /* MaterialBinder.h */,
				9E281721191BDA7900F5E95C /* RenderInfoBinder.h */,
				9E281722191BDAE100F5E95C /* CinderColorBinders.h */,
				9E281723191BDD1C00F5E95C /* AssetDefBinders.h */,
				9E281724191BDDAE00F5E95C /* AssetLoadersBinders.h */,
				9E281725191BDE7F00F5E95C /* AxisAlignedBoxBinders.h */,
				9E281726191BE16800F5E95C /* CinderVecBinders.h */,
				9E281727191BE29B00F5E95C /* CinderMatrixBinders.h */,
				9E281728191BE83700F5E95C /* GameComponentBinder.h */,
				9E281739191C5FDF00F5E95C /* LuaDebugBinder.h */,
				9E28173F191C871300F5E95C /* CinderQuatBinders.h */,
				9E281740191D348000F5E95C /* GameCameraBinder.h */,
				9E3CD3FB191DD1F7000E6778 /* SimpleMeshBinder.h */,
				9E3CD3FC191DD2D2000E6778 /* CinderRectBinders.h */,
				9E1AE48B191E80E10083E6D2 /* BatchedMeshBinder.h */,
				9E1AE48C191EA3E20083E6D2 /* EnumHelperBinder.h */,
				9E1AE48D191EB8F00083E6D2 /* UtilsBinder.h */,
				9E5D3B111922DB2F0011FA66 /* JobBinder.h */,
				9E74DA8C1930FB9C006B323E /* SpriteBinder.h */,
				9E173FB019364FA700313618 /* BotBinding.h */,
			);
			path = ClassBinders;
			sourceTree = "<group>";
		};
		9E281729191BE94D00F5E95C /* Wrappers */ = {
			isa = PBXGroup;
			children = (
				9E2816E9191AA60400F5E95C /* GameComponentWrapper.h */,
				9E5D3B101922D8AC0011FA66 /* JobWrapper.h */,
				9E173FB11936500800313618 /* BotWrapper.h */,
			);
			path = Wrappers;
			sourceTree = "<group>";
		};
		9E92628C18D47F87001AB5D6 /* Components */ = {
			isa = PBXGroup;
			children = (
				9E92628E18D48232001AB5D6 /* GameComponent.cpp */,
				9EE7AED418E2F262008A9C83 /* GameCamera.cpp */,
				9EA476D518F9FEFA00C6BD1D /* SimpleMesh.cpp */,
				9E09867318FFFFD200480FA7 /* Material.cpp */,
				9E3AF3F3190DBBC6001007F4 /* RenderInfo.cpp */,
				9E36F8811917CC640098B3C0 /* BatchedMesh.cpp */,
				9E36F88419180E8F0098B3C0 /* Transform.cpp */,
				9E2816E6191AA1B000F5E95C /* GameObject.cpp */,
				9E74DA891930F57C006B323E /* Sprite.cpp */,
				9E1B33DA19329A75006C3F8C /* AnimatedSprite.cpp */,
				9E173FAB19359B7900313618 /* BotManager.cpp */,
				9E173FB31936AAD000313618 /* CoordSearch.cpp */,
			);
			path = Components;
			sourceTree = "<group>";
		};
		9E92629518D4F915001AB5D6 /* DataStructures */ = {
			isa = PBXGroup;
			children = (
			);
			path = DataStructures;
			sourceTree = "<group>";
		};
		9EB951EE19152FFF003B5FED /* Exceptions */ = {
			isa = PBXGroup;
			children = (
				9EB951F01915311E003B5FED /* AssetLoadException.h */,
				9EB951F319170B3F003B5FED /* NotImplementedException.h */,
				9E281730191C590900F5E95C /* LuaExecutionException.h */,
			);
			path = Exceptions;
			sourceTree = "<group>";
		};
		9ED6DF62190F5639002D286C /* Jobs */ = {
			isa = PBXGroup;
			children = (
				9ED6DF63190F5666002D286C /* Job.h */,
				9ED6DF7419106F77002D286C /* JobManager.h */,
			);
			path = Jobs;
			sourceTree = "<group>";
		};
		9ED6DF64190F571B002D286C /* Resources */ = {
			isa = PBXGroup;
			children = (
				9ED6DF65190F5733002D286C /* Resource.h */,
			);
			path = Resources;
			sourceTree = "<group>";
		};
		9ED6DF67190F58A9002D286C /* Jobs */ = {
			isa = PBXGroup;
			children = (
				9ED6DF68190F58BC002D286C /* Job.cpp */,
				9ED6DF751910707A002D286C /* JobManager.cpp */,
			);
			path = Jobs;
			sourceTree = "<group>";
		};
		9EE7AED718E2FC9E008A9C83 /* Utils */ = {
			isa = PBXGroup;
			children = (
				9EE7AEED18E36737008A9C83 /* Utils.cpp */,
				9EA476C818F7589A00C6BD1D /* EnumHelper.cpp */,
			);
			path = Utils;
			sourceTree = "<group>";
		};
		9EEE83DB18E8F8CB006F2B49 /* AssetManagement */ = {
			isa = PBXGroup;
			children = (
				9ED6DF7019106B70002D286C /* TextureDef.cpp */,
				9ED6DF7119106B70002D286C /* ShaderDef.cpp */,
				9EEE83E018E8FAEB006F2B49 /* FileAssetLoader.cpp */,
				9EA476CB18F8ABC300C6BD1D /* AssetLoaderBase.cpp */,
				9EB951EB19152837003B5FED /* AssetDefBase.cpp */,
				9E28172A191BEEAA00F5E95C /* ScriptDef.cpp */,
				9E28172D191BFC5400F5E95C /* AssetType.cpp */,
				9EDF4D001929659E0051DCE3 /* TileDef.cpp */,
				9EDF4D05192ADF2C0051DCE3 /* AnimationSetDef.cpp */,
				9E619795192D19BB0013CB63 /* AnimationDef.cpp */,
			);
			path = AssetManagement;
			sourceTree = "<group>";
		};
/* End PBXGroup section */

/* Begin PBXNativeTarget section */
		8D1107260486CEB800E47090 /* SpaceStationKeeper */ = {
			isa = PBXNativeTarget;
			buildConfigurationList = C01FCF4A08A954540054247B /* Build configuration list for PBXNativeTarget "SpaceStationKeeper" */;
			buildPhases = (
				8D11072C0486CEB800E47090 /* Sources */,
				9E28173A191C682300F5E95C /* ShellScript */,
				8D1107290486CEB800E47090 /* Resources */,
				8D11072E0486CEB800E47090 /* Frameworks */,
				36A44F5DF31A4B00B966B82C /* CopyFiles */,
			);
			buildRules = (
			);
			dependencies = (
			);
			name = SpaceStationKeeper;
			productInstallPath = "$(HOME)/Applications";
			productName = SpaceStationKeeper;
			productReference = 8D1107320486CEB800E47090 /* SpaceStationKeeper.app */;
			productType = "com.apple.product-type.application";
		};
/* End PBXNativeTarget section */

/* Begin PBXProject section */
		29B97313FDCFA39411CA2CEA /* Project object */ = {
			isa = PBXProject;
			attributes = {
				LastUpgradeCheck = 0500;
			};
			buildConfigurationList = C01FCF4E08A954540054247B /* Build configuration list for PBXProject "SpaceStationKeeper" */;
			compatibilityVersion = "Xcode 3.2";
			developmentRegion = English;
			hasScannedForEncodings = 1;
			knownRegions = (
				English,
				Japanese,
				French,
				German,
			);
			mainGroup = 29B97314FDCFA39411CA2CEA /* SpaceStationKeeper */;
			projectDirPath = "";
			projectRoot = "";
			targets = (
				8D1107260486CEB800E47090 /* SpaceStationKeeper */,
			);
		};
/* End PBXProject section */

/* Begin PBXResourcesBuildPhase section */
		8D1107290486CEB800E47090 /* Resources */ = {
			isa = PBXResourcesBuildPhase;
			buildActionMask = 2147483647;
			files = (
				9E28173E191C7AA600F5E95C /* yaml.so in Resources */,
				9E3BD6C71926B6CD008F9297 /* lua in Resources */,
				51C21CD6D341426891EE6300 /* CinderApp.icns in Resources */,
				9E10054B18EA355F00EC5213 /* assets in Resources */,
			);
			runOnlyForDeploymentPostprocessing = 0;
		};
/* End PBXResourcesBuildPhase section */

/* Begin PBXShellScriptBuildPhase section */
		9E28173A191C682300F5E95C /* ShellScript */ = {
			isa = PBXShellScriptBuildPhase;
			buildActionMask = 2147483647;
			files = (
			);
			inputPaths = (
			);
			outputPaths = (
			);
			runOnlyForDeploymentPostprocessing = 0;
			shellPath = /bin/sh;
			shellScript = "# Hacky workaround because xcode 5 wont copy files unless whole dir is modified\ntouch -cm ${SRCROOT}/../Assets";
		};
/* End PBXShellScriptBuildPhase section */

/* Begin PBXSourcesBuildPhase section */
		8D11072C0486CEB800E47090 /* Sources */ = {
			isa = PBXSourcesBuildPhase;
			buildActionMask = 2147483647;
			files = (
				9E09867518FFFFD200480FA7 /* Material.cpp in Sources */,
				8C08550A160647279CE5BCF2 /* SpaceStationKeeperApp.cpp in Sources */,
				9E74DA8B1930F57C006B323E /* Sprite.cpp in Sources */,
				9E28172F191BFC5400F5E95C /* AssetType.cpp in Sources */,
				9EDF4D07192ADF2C0051DCE3 /* AnimationSetDef.cpp in Sources */,
				9E1B33DC19329A75006C3F8C /* AnimatedSprite.cpp in Sources */,
				9ED6DF7319106B70002D286C /* ShaderDef.cpp in Sources */,
				9E28172C191BEEAA00F5E95C /* ScriptDef.cpp in Sources */,
				9E36F8831917CC640098B3C0 /* BatchedMesh.cpp in Sources */,
				9EDF4D021929659E0051DCE3 /* TileDef.cpp in Sources */,
				9E173FAD19359B7900313618 /* BotManager.cpp in Sources */,
				9E0E1E8219048917009EECFD /* BindingManager.cpp in Sources */,
				9E36F88619180E8F0098B3C0 /* Transform.cpp in Sources */,
				9EB951ED19152837003B5FED /* AssetDefBase.cpp in Sources */,
				9EE7AED618E2F262008A9C83 /* GameCamera.cpp in Sources */,
				9EA476CA18F7589A00C6BD1D /* EnumHelper.cpp in Sources */,
				9EA476D618F9FEFA00C6BD1D /* SimpleMesh.cpp in Sources */,
				9E619797192D19BB0013CB63 /* AnimationDef.cpp in Sources */,
				9EA476CC18F8ABC300C6BD1D /* AssetLoaderBase.cpp in Sources */,
				9ED6DF7219106B70002D286C /* TextureDef.cpp in Sources */,
				9E92628F18D48232001AB5D6 /* GameComponent.cpp in Sources */,
				9E281738191C5F7D00F5E95C /* LuaDebug.cpp in Sources */,
				9ED6DF771910707A002D286C /* JobManager.cpp in Sources */,
				9EE7AEEF18E36737008A9C83 /* Utils.cpp in Sources */,
				9E92629218D4EDA0001AB5D6 /* ComponentDrivenApp.cpp in Sources */,
				9EEE83E218E8FAEB006F2B49 /* FileAssetLoader.cpp in Sources */,
				9ED6DF6A190F58BC002D286C /* Job.cpp in Sources */,
				9E173FB51936AAD000313618 /* CoordSearch.cpp in Sources */,
				9E3AF3F5190DBBC6001007F4 /* RenderInfo.cpp in Sources */,
				9E2816E8191AA1B000F5E95C /* GameObject.cpp in Sources */,
			);
			runOnlyForDeploymentPostprocessing = 0;
		};
/* End PBXSourcesBuildPhase section */

/* Begin XCBuildConfiguration section */
		C01FCF4B08A954540054247B /* Debug */ = {
			isa = XCBuildConfiguration;
			buildSettings = {
				CLANG_WARN_BOOL_CONVERSION = YES;
				CLANG_WARN_CONSTANT_CONVERSION = YES;
				CLANG_WARN_ENUM_CONVERSION = YES;
				CLANG_WARN_IMPLICIT_SIGN_CONVERSION = NO;
				CLANG_WARN_INT_CONVERSION = YES;
				CLANG_WARN_SUSPICIOUS_IMPLICIT_CONVERSION = NO;
				COMBINE_HIDPI_IMAGES = YES;
				COPY_PHASE_STRIP = NO;
				DEAD_CODE_STRIPPING = YES;
				GCC_DYNAMIC_NO_PIC = NO;
				GCC_INLINES_ARE_PRIVATE_EXTERN = YES;
				GCC_OPTIMIZATION_LEVEL = 0;
				GCC_PRECOMPILE_PREFIX_HEADER = YES;
				GCC_PREFIX_HEADER = SpaceStationKeeper_Prefix.pch;
				GCC_PREPROCESSOR_DEFINITIONS = (
					"DEBUG=1",
					"$(inherited)",
				);
				GCC_SYMBOLS_PRIVATE_EXTERN = NO;
				GCC_WARN_64_TO_32_BIT_CONVERSION = NO;
				GCC_WARN_ABOUT_MISSING_FIELD_INITIALIZERS = YES;
				GCC_WARN_ABOUT_MISSING_PROTOTYPES = YES;
				GCC_WARN_INITIALIZER_NOT_FULLY_BRACKETED = YES;
				GCC_WARN_PEDANTIC = NO;
				GCC_WARN_UNINITIALIZED_AUTOS = YES;
				HEADER_SEARCH_PATHS = "../libraries/include/**";
				INFOPLIST_FILE = Info.plist;
				INSTALL_PATH = "$(HOME)/Applications";
				LIBRARY_SEARCH_PATHS = (
					"$(inherited)",
					"../libraries/lib/**",
					/Users/seandawson/Development/spacestationkeeper/libraries/lib/osx,
				);
				OTHER_LDFLAGS = ../libraries/lib/osx/libcinder_d.a;
				PRODUCT_NAME = SpaceStationKeeper;
				SYMROOT = ./build;
				USER_HEADER_SEARCH_PATHS = "../include/**";
				WRAPPER_EXTENSION = app;
			};
			name = Debug;
		};
		C01FCF4C08A954540054247B /* Release */ = {
			isa = XCBuildConfiguration;
			buildSettings = {
				CLANG_WARN_BOOL_CONVERSION = YES;
				CLANG_WARN_CONSTANT_CONVERSION = YES;
				CLANG_WARN_ENUM_CONVERSION = YES;
				CLANG_WARN_IMPLICIT_SIGN_CONVERSION = NO;
				CLANG_WARN_INT_CONVERSION = YES;
				CLANG_WARN_SUSPICIOUS_IMPLICIT_CONVERSION = NO;
				COMBINE_HIDPI_IMAGES = YES;
				DEAD_CODE_STRIPPING = YES;
				DEBUG_INFORMATION_FORMAT = "dwarf-with-dsym";
				GCC_FAST_MATH = YES;
				GCC_GENERATE_DEBUGGING_SYMBOLS = NO;
				GCC_INLINES_ARE_PRIVATE_EXTERN = YES;
				GCC_OPTIMIZATION_LEVEL = 3;
				GCC_PRECOMPILE_PREFIX_HEADER = YES;
				GCC_PREFIX_HEADER = SpaceStationKeeper_Prefix.pch;
				GCC_SYMBOLS_PRIVATE_EXTERN = NO;
				GCC_WARN_64_TO_32_BIT_CONVERSION = NO;
				GCC_WARN_ABOUT_MISSING_FIELD_INITIALIZERS = YES;
				GCC_WARN_ABOUT_MISSING_PROTOTYPES = YES;
				GCC_WARN_INITIALIZER_NOT_FULLY_BRACKETED = YES;
				GCC_WARN_PEDANTIC = NO;
				GCC_WARN_UNINITIALIZED_AUTOS = YES;
				HEADER_SEARCH_PATHS = "../libraries/include/**";
				INFOPLIST_FILE = Info.plist;
				INSTALL_PATH = "$(HOME)/Applications";
				LIBRARY_SEARCH_PATHS = (
					"$(inherited)",
					"../libraries/lib/**",
					/Users/seandawson/Development/spacestationkeeper/libraries/lib/osx,
				);
				OTHER_LDFLAGS = ../libraries/lib/osx/libcinder.a;
				PRODUCT_NAME = SpaceStationKeeper;
				STRIP_INSTALLED_PRODUCT = YES;
				SYMROOT = ./build;
				USER_HEADER_SEARCH_PATHS = "../include/**";
				WRAPPER_EXTENSION = app;
			};
			name = Release;
		};
		C01FCF4F08A954540054247B /* Debug */ = {
			isa = XCBuildConfiguration;
			buildSettings = {
				ALWAYS_SEARCH_USER_PATHS = NO;
				CINDER_PATH = ../../cinder_0.8.5_mac;
				CLANG_CXX_LANGUAGE_STANDARD = "c++0x";
				CLANG_CXX_LIBRARY = "libc++";
				GCC_WARN_ABOUT_RETURN_TYPE = YES;
				GCC_WARN_UNUSED_VARIABLE = YES;
				HEADER_SEARCH_PATHS = (
					"\"$(CINDER_PATH)/boost\"",
					../../cinder_0.8.5_mac/blocks/Cairo/include/macosx,
				);
				MACOSX_DEPLOYMENT_TARGET = 10.7;
				ONLY_ACTIVE_ARCH = YES;
				SDKROOT = macosx;
				USER_HEADER_SEARCH_PATHS = "\"$(CINDER_PATH)/include\" ../include ../../cinder_0.8.5_mac/blocks/Cairo/include ../blocks/FMOD/include";
			};
			name = Debug;
		};
		C01FCF5008A954540054247B /* Release */ = {
			isa = XCBuildConfiguration;
			buildSettings = {
				ALWAYS_SEARCH_USER_PATHS = NO;
				CINDER_PATH = ../../cinder_0.8.5_mac;
				CLANG_CXX_LANGUAGE_STANDARD = "c++0x";
				CLANG_CXX_LIBRARY = "libc++";
				GCC_WARN_ABOUT_RETURN_TYPE = YES;
				GCC_WARN_UNUSED_VARIABLE = YES;
				HEADER_SEARCH_PATHS = (
					"\"$(CINDER_PATH)/boost\"",
					../../cinder_0.8.5_mac/blocks/Cairo/include/macosx,
				);
				MACOSX_DEPLOYMENT_TARGET = 10.7;
				SDKROOT = macosx;
				USER_HEADER_SEARCH_PATHS = "\"$(CINDER_PATH)/include\" ../include ../../cinder_0.8.5_mac/blocks/Cairo/include ../blocks/FMOD/include";
			};
			name = Release;
		};
/* End XCBuildConfiguration section */

/* Begin XCConfigurationList section */
		C01FCF4A08A954540054247B /* Build configuration list for PBXNativeTarget "SpaceStationKeeper" */ = {
			isa = XCConfigurationList;
			buildConfigurations = (
				C01FCF4B08A954540054247B /* Debug */,
				C01FCF4C08A954540054247B /* Release */,
			);
			defaultConfigurationIsVisible = 0;
			defaultConfigurationName = Release;
		};
		C01FCF4E08A954540054247B /* Build configuration list for PBXProject "SpaceStationKeeper" */ = {
			isa = XCConfigurationList;
			buildConfigurations = (
				C01FCF4F08A954540054247B /* Debug */,
				C01FCF5008A954540054247B /* Release */,
			);
			defaultConfigurationIsVisible = 0;
			defaultConfigurationName = Release;
		};
/* End XCConfigurationList section */
	};
	rootObject = 29B97313FDCFA39411CA2CEA /* Project object */;
}
